{
  "version": 4,
  "terraform_version": "1.6.6",
  "serial": 333,
  "lineage": "d422fe0c-8273-696e-e0fb-799ceebc236c",
  "outputs": {},
  "resources": [
    {
      "mode": "data",
      "type": "template_file",
      "name": "network_config_master01",
      "provider": "provider[\"registry.terraform.io/hashicorp/template\"]",
      "instances": [
        {
          "schema_version": 0,
          "attributes": {
            "filename": null,
            "id": "0a25595c73d9c041d4f480d89032a5885181f8cd95d1c3cf84fdd6b678da6fa1",
            "rendered": "version: 2\nethernets:\n  eth0:\n     dhcp4: false\n     # default libvirt network\n     addresses: [ 192.168.30.151/24 ]\n     gateway4: 192.168.30.1\n     nameservers:\n       addresses: [ 192.168.30.17,8.8.8.8 ]\n",
            "template": "version: 2\nethernets:\n  eth0:\n     dhcp4: false\n     # default libvirt network\n     addresses: [ 192.168.30.151/24 ]\n     gateway4: 192.168.30.1\n     nameservers:\n       addresses: [ 192.168.30.17,8.8.8.8 ]\n",
            "vars": null
          },
          "sensitive_attributes": []
        }
      ]
    },
    {
      "mode": "data",
      "type": "template_file",
      "name": "network_config_master02",
      "provider": "provider[\"registry.terraform.io/hashicorp/template\"]",
      "instances": [
        {
          "schema_version": 0,
          "attributes": {
            "filename": null,
            "id": "0a25595c73d9c041d4f480d89032a5885181f8cd95d1c3cf84fdd6b678da6fa1",
            "rendered": "version: 2\nethernets:\n  eth0:\n     dhcp4: false\n     # default libvirt network\n     addresses: [ 192.168.30.151/24 ]\n     gateway4: 192.168.30.1\n     nameservers:\n       addresses: [ 192.168.30.17,8.8.8.8 ]\n",
            "template": "version: 2\nethernets:\n  eth0:\n     dhcp4: false\n     # default libvirt network\n     addresses: [ 192.168.30.151/24 ]\n     gateway4: 192.168.30.1\n     nameservers:\n       addresses: [ 192.168.30.17,8.8.8.8 ]\n",
            "vars": null
          },
          "sensitive_attributes": []
        }
      ]
    },
    {
      "mode": "data",
      "type": "template_file",
      "name": "user_data_master01",
      "provider": "provider[\"registry.terraform.io/hashicorp/template\"]",
      "instances": [
        {
          "schema_version": 0,
          "attributes": {
            "filename": null,
            "id": "05f5a8153d5b74b314f6369bcc41381784117b5becf90e403f6ec9242b189658",
            "rendered": "#cloud-config\n#https://cloudinit.readthedocs.io/en/latest/topics/examples.html\nhostname: master01\nfqdn: master01-k8s.svtech.com\nbootcmd:\n  - echo 192.168.30.150 master01-k8s  \u003e\u003e /etc/hosts\n  - echo 192.168.30.151 master02-k8s  \u003e\u003e /etc/hosts\n  - echo 192.168.30.152 master03-k8s  \u003e\u003e /etc/hosts\n  - echo 192.168.30.153 worker01-k8s  \u003e\u003e /etc/hosts\n  - echo 192.168.30.154 worker02-k8s  \u003e\u003e /etc/hosts\n  - echo 192.168.30.154 worker03-k8s  \u003e\u003e /etc/hosts\nruncmd:\n - [ sh, -xc, \"echo $(date) ': hello world!'\" ]\nssh_pwauth: true\ndisable_root: false\nchpasswd:\n  list: |\n     root:admin123\n  expire: false\nusers:\n  - name: cloud\n    sudo: ALL=(ALL) NOPASSWD:ALL\n    groups: users, admin\n    home: /home/cloud\n    shell: /bin/bash\n    lock_passwd: false\n    ssh-authorized-keys:\n      - ssh-rsa AAAAB3NzaC1yc2EAAAADAQABAAABgQDbFRpR97+QFh+Qdh/ulfiOGh6dYvthkaU/wrGXkgPFtF2FJADJg7APiBN3VtP4SY2f3PrRDtbaeVnR60qm1XvMuHc0wP/DJd0NNax5Ff5KtNs7f7fd4GouYQZ0Euviki92gAfOoJbQudwoO0XQQqggb8lcz1XLDP9n1QMcx57cf/UtKR6XNT2lje///8Rn4EklauCWnWh94f5woo2KQAvBlaa7Iy0N3+59Lic/3+dK3XeXhYISczIRneif3qFn9dqaIDS666LTdot5aVFTpNHO0UG4t70QPdHyECqpMZJBsry3RBLOMNpgxt+lMy+aHvdOd6ocw1pAH6EaeQTm2TLb0ogMtRgW2jNPlVUmt/5D0dpA+LHOVHAMqKEw/uCVeGz/bRAZzJD3HKqEvyl0igNNhFYf9fsFUIikFp95yrnki3wzU0hHVWnBuxlO2VM2E9mzuY3GJkz3/xDSNxdoQrcfbN/dpvBeRqEuSx//RvKcnwESnqyBa8FoTzIlJdMAPHU= root@localhost.localdomain\nfinal_message: \"The system is finally up, after $UPTIME seconds\"\n",
            "template": "#cloud-config\n#https://cloudinit.readthedocs.io/en/latest/topics/examples.html\nhostname: master01\nfqdn: master01-k8s.svtech.com\nbootcmd:\n  - echo 192.168.30.150 master01-k8s  \u003e\u003e /etc/hosts\n  - echo 192.168.30.151 master02-k8s  \u003e\u003e /etc/hosts\n  - echo 192.168.30.152 master03-k8s  \u003e\u003e /etc/hosts\n  - echo 192.168.30.153 worker01-k8s  \u003e\u003e /etc/hosts\n  - echo 192.168.30.154 worker02-k8s  \u003e\u003e /etc/hosts\n  - echo 192.168.30.154 worker03-k8s  \u003e\u003e /etc/hosts\nruncmd:\n - [ sh, -xc, \"echo $(date) ': hello world!'\" ]\nssh_pwauth: true\ndisable_root: false\nchpasswd:\n  list: |\n     root:admin123\n  expire: false\nusers:\n  - name: cloud\n    sudo: ALL=(ALL) NOPASSWD:ALL\n    groups: users, admin\n    home: /home/cloud\n    shell: /bin/bash\n    lock_passwd: false\n    ssh-authorized-keys:\n      - ssh-rsa AAAAB3NzaC1yc2EAAAADAQABAAABgQDbFRpR97+QFh+Qdh/ulfiOGh6dYvthkaU/wrGXkgPFtF2FJADJg7APiBN3VtP4SY2f3PrRDtbaeVnR60qm1XvMuHc0wP/DJd0NNax5Ff5KtNs7f7fd4GouYQZ0Euviki92gAfOoJbQudwoO0XQQqggb8lcz1XLDP9n1QMcx57cf/UtKR6XNT2lje///8Rn4EklauCWnWh94f5woo2KQAvBlaa7Iy0N3+59Lic/3+dK3XeXhYISczIRneif3qFn9dqaIDS666LTdot5aVFTpNHO0UG4t70QPdHyECqpMZJBsry3RBLOMNpgxt+lMy+aHvdOd6ocw1pAH6EaeQTm2TLb0ogMtRgW2jNPlVUmt/5D0dpA+LHOVHAMqKEw/uCVeGz/bRAZzJD3HKqEvyl0igNNhFYf9fsFUIikFp95yrnki3wzU0hHVWnBuxlO2VM2E9mzuY3GJkz3/xDSNxdoQrcfbN/dpvBeRqEuSx//RvKcnwESnqyBa8FoTzIlJdMAPHU= root@localhost.localdomain\nfinal_message: \"The system is finally up, after $UPTIME seconds\"\n",
            "vars": null
          },
          "sensitive_attributes": []
        }
      ]
    },
    {
      "mode": "data",
      "type": "template_file",
      "name": "user_data_master02",
      "provider": "provider[\"registry.terraform.io/hashicorp/template\"]",
      "instances": [
        {
          "schema_version": 0,
          "attributes": {
            "filename": null,
            "id": "d381892ac87e9b10f95e564d71ee864381c5a7f51c426aa2635ed6bd002d1206",
            "rendered": "#cloud-config\n#https://cloudinit.readthedocs.io/en/latest/topics/examples.html\nhostname: master02\nfqdn: master02-k8s.svtech.com\nbootcmd:\n  - echo 192.168.30.150 master01-k8s  \u003e\u003e /etc/hosts\n  - echo 192.168.30.151 master02-k8s  \u003e\u003e /etc/hosts\n  - echo 192.168.30.152 master03-k8s  \u003e\u003e /etc/hosts\n  - echo 192.168.30.153 worker01-k8s  \u003e\u003e /etc/hosts\n  - echo 192.168.30.154 worker02-k8s  \u003e\u003e /etc/hosts\n  - echo 192.168.30.154 worker03-k8s  \u003e\u003e /etc/hosts\nruncmd:\n - [ sh, -xc, \"echo $(date) ': hello world!'\" ]\nssh_pwauth: true\ndisable_root: false\nchpasswd:\n  list: |\n     root:admin123\n  expire: false\nusers:\n  - name: cloud\n    sudo: ALL=(ALL) NOPASSWD:ALL\n    groups: users, admin\n    home: /home/cloud\n    shell: /bin/bash\n    lock_passwd: false\n    ssh-authorized-keys:\n      - ssh-rsa AAAAB3NzaC1yc2EAAAADAQABAAABgQDbFRpR97+QFh+Qdh/ulfiOGh6dYvthkaU/wrGXkgPFtF2FJADJg7APiBN3VtP4SY2f3PrRDtbaeVnR60qm1XvMuHc0wP/DJd0NNax5Ff5KtNs7f7fd4GouYQZ0Euviki92gAfOoJbQudwoO0XQQqggb8lcz1XLDP9n1QMcx57cf/UtKR6XNT2lje///8Rn4EklauCWnWh94f5woo2KQAvBlaa7Iy0N3+59Lic/3+dK3XeXhYISczIRneif3qFn9dqaIDS666LTdot5aVFTpNHO0UG4t70QPdHyECqpMZJBsry3RBLOMNpgxt+lMy+aHvdOd6ocw1pAH6EaeQTm2TLb0ogMtRgW2jNPlVUmt/5D0dpA+LHOVHAMqKEw/uCVeGz/bRAZzJD3HKqEvyl0igNNhFYf9fsFUIikFp95yrnki3wzU0hHVWnBuxlO2VM2E9mzuY3GJkz3/xDSNxdoQrcfbN/dpvBeRqEuSx//RvKcnwESnqyBa8FoTzIlJdMAPHU= root@localhost.localdomain\nfinal_message: \"The system is finally up, after $UPTIME seconds\"\n",
            "template": "#cloud-config\n#https://cloudinit.readthedocs.io/en/latest/topics/examples.html\nhostname: master02\nfqdn: master02-k8s.svtech.com\nbootcmd:\n  - echo 192.168.30.150 master01-k8s  \u003e\u003e /etc/hosts\n  - echo 192.168.30.151 master02-k8s  \u003e\u003e /etc/hosts\n  - echo 192.168.30.152 master03-k8s  \u003e\u003e /etc/hosts\n  - echo 192.168.30.153 worker01-k8s  \u003e\u003e /etc/hosts\n  - echo 192.168.30.154 worker02-k8s  \u003e\u003e /etc/hosts\n  - echo 192.168.30.154 worker03-k8s  \u003e\u003e /etc/hosts\nruncmd:\n - [ sh, -xc, \"echo $(date) ': hello world!'\" ]\nssh_pwauth: true\ndisable_root: false\nchpasswd:\n  list: |\n     root:admin123\n  expire: false\nusers:\n  - name: cloud\n    sudo: ALL=(ALL) NOPASSWD:ALL\n    groups: users, admin\n    home: /home/cloud\n    shell: /bin/bash\n    lock_passwd: false\n    ssh-authorized-keys:\n      - ssh-rsa AAAAB3NzaC1yc2EAAAADAQABAAABgQDbFRpR97+QFh+Qdh/ulfiOGh6dYvthkaU/wrGXkgPFtF2FJADJg7APiBN3VtP4SY2f3PrRDtbaeVnR60qm1XvMuHc0wP/DJd0NNax5Ff5KtNs7f7fd4GouYQZ0Euviki92gAfOoJbQudwoO0XQQqggb8lcz1XLDP9n1QMcx57cf/UtKR6XNT2lje///8Rn4EklauCWnWh94f5woo2KQAvBlaa7Iy0N3+59Lic/3+dK3XeXhYISczIRneif3qFn9dqaIDS666LTdot5aVFTpNHO0UG4t70QPdHyECqpMZJBsry3RBLOMNpgxt+lMy+aHvdOd6ocw1pAH6EaeQTm2TLb0ogMtRgW2jNPlVUmt/5D0dpA+LHOVHAMqKEw/uCVeGz/bRAZzJD3HKqEvyl0igNNhFYf9fsFUIikFp95yrnki3wzU0hHVWnBuxlO2VM2E9mzuY3GJkz3/xDSNxdoQrcfbN/dpvBeRqEuSx//RvKcnwESnqyBa8FoTzIlJdMAPHU= root@localhost.localdomain\nfinal_message: \"The system is finally up, after $UPTIME seconds\"\n",
            "vars": null
          },
          "sensitive_attributes": []
        }
      ]
    },
    {
      "mode": "managed",
      "type": "libvirt_cloudinit_disk",
      "name": "commoninit_master01",
      "provider": "provider[\"registry.terraform.io/dmacvicar/libvirt\"]",
      "instances": [
        {
          "schema_version": 0,
          "attributes": {
            "id": "/var/lib/libvirt/images/pool/commoninit_master01.iso;9d2e39d6-a97d-4baa-822b-3558c94f130b",
            "meta_data": "",
            "name": "commoninit_master01.iso",
            "network_config": "version: 2\nethernets:\n  eth0:\n     dhcp4: false\n     # default libvirt network\n     addresses: [ 192.168.30.151/24 ]\n     gateway4: 192.168.30.1\n     nameservers:\n       addresses: [ 192.168.30.17,8.8.8.8 ]\n",
            "pool": "pool01",
            "user_data": "#cloud-config\n#https://cloudinit.readthedocs.io/en/latest/topics/examples.html\nhostname: master01\nfqdn: master01-k8s.svtech.com\nbootcmd:\n  - echo 192.168.30.150 master01-k8s  \u003e\u003e /etc/hosts\n  - echo 192.168.30.151 master02-k8s  \u003e\u003e /etc/hosts\n  - echo 192.168.30.152 master03-k8s  \u003e\u003e /etc/hosts\n  - echo 192.168.30.153 worker01-k8s  \u003e\u003e /etc/hosts\n  - echo 192.168.30.154 worker02-k8s  \u003e\u003e /etc/hosts\n  - echo 192.168.30.154 worker03-k8s  \u003e\u003e /etc/hosts\nruncmd:\n - [ sh, -xc, \"echo $(date) ': hello world!'\" ]\nssh_pwauth: true\ndisable_root: false\nchpasswd:\n  list: |\n     root:admin123\n  expire: false\nusers:\n  - name: cloud\n    sudo: ALL=(ALL) NOPASSWD:ALL\n    groups: users, admin\n    home: /home/cloud\n    shell: /bin/bash\n    lock_passwd: false\n    ssh-authorized-keys:\n      - ssh-rsa AAAAB3NzaC1yc2EAAAADAQABAAABgQDbFRpR97+QFh+Qdh/ulfiOGh6dYvthkaU/wrGXkgPFtF2FJADJg7APiBN3VtP4SY2f3PrRDtbaeVnR60qm1XvMuHc0wP/DJd0NNax5Ff5KtNs7f7fd4GouYQZ0Euviki92gAfOoJbQudwoO0XQQqggb8lcz1XLDP9n1QMcx57cf/UtKR6XNT2lje///8Rn4EklauCWnWh94f5woo2KQAvBlaa7Iy0N3+59Lic/3+dK3XeXhYISczIRneif3qFn9dqaIDS666LTdot5aVFTpNHO0UG4t70QPdHyECqpMZJBsry3RBLOMNpgxt+lMy+aHvdOd6ocw1pAH6EaeQTm2TLb0ogMtRgW2jNPlVUmt/5D0dpA+LHOVHAMqKEw/uCVeGz/bRAZzJD3HKqEvyl0igNNhFYf9fsFUIikFp95yrnki3wzU0hHVWnBuxlO2VM2E9mzuY3GJkz3/xDSNxdoQrcfbN/dpvBeRqEuSx//RvKcnwESnqyBa8FoTzIlJdMAPHU= root@localhost.localdomain\nfinal_message: \"The system is finally up, after $UPTIME seconds\"\n"
          },
          "sensitive_attributes": [],
          "private": "bnVsbA==",
          "dependencies": [
            "data.template_file.network_config_master01",
            "data.template_file.user_data_master01"
          ]
        }
      ]
    },
    {
      "mode": "managed",
      "type": "libvirt_cloudinit_disk",
      "name": "commoninit_master02",
      "provider": "provider[\"registry.terraform.io/dmacvicar/libvirt\"]",
      "instances": [
        {
          "schema_version": 0,
          "attributes": {
            "id": "/var/lib/libvirt/images/pool/commoninit_master02.iso;49bf8051-5e7a-4766-8bec-7f8e813219b5",
            "meta_data": "",
            "name": "commoninit_master02.iso",
            "network_config": "version: 2\nethernets:\n  eth0:\n     dhcp4: false\n     # default libvirt network\n     addresses: [ 192.168.30.151/24 ]\n     gateway4: 192.168.30.1\n     nameservers:\n       addresses: [ 192.168.30.17,8.8.8.8 ]\n",
            "pool": "pool01",
            "user_data": "#cloud-config\n#https://cloudinit.readthedocs.io/en/latest/topics/examples.html\nhostname: master02\nfqdn: master02-k8s.svtech.com\nbootcmd:\n  - echo 192.168.30.150 master01-k8s  \u003e\u003e /etc/hosts\n  - echo 192.168.30.151 master02-k8s  \u003e\u003e /etc/hosts\n  - echo 192.168.30.152 master03-k8s  \u003e\u003e /etc/hosts\n  - echo 192.168.30.153 worker01-k8s  \u003e\u003e /etc/hosts\n  - echo 192.168.30.154 worker02-k8s  \u003e\u003e /etc/hosts\n  - echo 192.168.30.154 worker03-k8s  \u003e\u003e /etc/hosts\nruncmd:\n - [ sh, -xc, \"echo $(date) ': hello world!'\" ]\nssh_pwauth: true\ndisable_root: false\nchpasswd:\n  list: |\n     root:admin123\n  expire: false\nusers:\n  - name: cloud\n    sudo: ALL=(ALL) NOPASSWD:ALL\n    groups: users, admin\n    home: /home/cloud\n    shell: /bin/bash\n    lock_passwd: false\n    ssh-authorized-keys:\n      - ssh-rsa AAAAB3NzaC1yc2EAAAADAQABAAABgQDbFRpR97+QFh+Qdh/ulfiOGh6dYvthkaU/wrGXkgPFtF2FJADJg7APiBN3VtP4SY2f3PrRDtbaeVnR60qm1XvMuHc0wP/DJd0NNax5Ff5KtNs7f7fd4GouYQZ0Euviki92gAfOoJbQudwoO0XQQqggb8lcz1XLDP9n1QMcx57cf/UtKR6XNT2lje///8Rn4EklauCWnWh94f5woo2KQAvBlaa7Iy0N3+59Lic/3+dK3XeXhYISczIRneif3qFn9dqaIDS666LTdot5aVFTpNHO0UG4t70QPdHyECqpMZJBsry3RBLOMNpgxt+lMy+aHvdOd6ocw1pAH6EaeQTm2TLb0ogMtRgW2jNPlVUmt/5D0dpA+LHOVHAMqKEw/uCVeGz/bRAZzJD3HKqEvyl0igNNhFYf9fsFUIikFp95yrnki3wzU0hHVWnBuxlO2VM2E9mzuY3GJkz3/xDSNxdoQrcfbN/dpvBeRqEuSx//RvKcnwESnqyBa8FoTzIlJdMAPHU= root@localhost.localdomain\nfinal_message: \"The system is finally up, after $UPTIME seconds\"\n"
          },
          "sensitive_attributes": [],
          "private": "bnVsbA==",
          "dependencies": [
            "data.template_file.network_config_master02",
            "data.template_file.user_data_master02"
          ]
        }
      ]
    },
    {
      "mode": "managed",
      "type": "libvirt_domain",
      "name": "centos-k8s",
      "provider": "provider[\"registry.terraform.io/dmacvicar/libvirt\"]",
      "instances": [
        {
          "schema_version": 0,
          "attributes": {
            "arch": "x86_64",
            "autostart": false,
            "boot_device": [
              {
                "dev": [
                  "hd",
                  "cdrom",
                  "network"
                ]
              }
            ],
            "cloudinit": null,
            "cmdline": [],
            "console": [
              {
                "source_host": "127.0.0.1",
                "source_path": "",
                "source_service": "0",
                "target_port": "0",
                "target_type": "serial",
                "type": "pty"
              },
              {
                "source_host": "127.0.0.1",
                "source_path": "",
                "source_service": "0",
                "target_port": "1",
                "target_type": "virtio",
                "type": "pty"
              }
            ],
            "coreos_ignition": null,
            "cpu": [
              {
                "mode": "custom"
              }
            ],
            "description": "",
            "disk": [
              {
                "block_device": "",
                "file": "",
                "scsi": false,
                "url": "",
                "volume_id": "/var/lib/libvirt/images/pool/centos-qcow2",
                "wwn": ""
              },
              {
                "block_device": "",
                "file": "/var/lib/libvirt/images/pool/CentOS-7-x86_64-DVD-1810.iso",
                "scsi": false,
                "url": "",
                "volume_id": "",
                "wwn": ""
              }
            ],
            "emulator": "/usr/libexec/qemu-kvm",
            "filesystem": [],
            "firmware": null,
            "fw_cfg_name": "opt/com.coreos/config",
            "graphics": [
              {
                "autoport": true,
                "listen_address": "0.0.0.0",
                "listen_type": "address",
                "type": "spice",
                "websocket": 0
              }
            ],
            "id": "1d21ed39-0fc8-4a5e-845d-f09dd5854abe",
            "initrd": "",
            "kernel": "",
            "machine": "pc",
            "memory": 8192,
            "metadata": null,
            "name": "centos-k8s",
            "network_interface": [
              {
                "addresses": [],
                "bridge": "",
                "hostname": "",
                "mac": "52:54:00:8E:5A:7F",
                "macvtap": "",
                "network_id": "",
                "network_name": "public",
                "passthrough": "",
                "vepa": "",
                "wait_for_lease": false
              },
              {
                "addresses": [],
                "bridge": "",
                "hostname": "",
                "mac": "52:54:00:B2:8F:73",
                "macvtap": "",
                "network_id": "",
                "network_name": "public",
                "passthrough": "",
                "vepa": "",
                "wait_for_lease": false
              }
            ],
            "nvram": [],
            "qemu_agent": false,
            "running": true,
            "timeouts": null,
            "tpm": [],
            "type": "kvm",
            "vcpu": 8,
            "video": [],
            "xml": []
          },
          "sensitive_attributes": [],
          "private": "eyJlMmJmYjczMC1lY2FhLTExZTYtOGY4OC0zNDM2M2JjN2M0YzAiOnsiY3JlYXRlIjozMDAwMDAwMDAwMDB9fQ==",
          "dependencies": [
            "libvirt_volume.centos_volume"
          ]
        }
      ]
    },
    {
      "mode": "managed",
      "type": "libvirt_domain",
      "name": "master01-k8s",
      "provider": "provider[\"registry.terraform.io/dmacvicar/libvirt\"]",
      "instances": [
        {
          "schema_version": 0,
          "attributes": {
            "arch": "x86_64",
            "autostart": false,
            "boot_device": [],
            "cloudinit": "/var/lib/libvirt/images/pool/commoninit_master01.iso;9d2e39d6-a97d-4baa-822b-3558c94f130b",
            "cmdline": null,
            "console": [
              {
                "source_host": "127.0.0.1",
                "source_path": "",
                "source_service": "0",
                "target_port": "0",
                "target_type": "serial",
                "type": "pty"
              },
              {
                "source_host": "127.0.0.1",
                "source_path": "",
                "source_service": "0",
                "target_port": "1",
                "target_type": "virtio",
                "type": "pty"
              }
            ],
            "coreos_ignition": null,
            "cpu": [
              {
                "mode": "custom"
              }
            ],
            "description": "",
            "disk": [
              {
                "block_device": "",
                "file": "",
                "scsi": false,
                "url": "",
                "volume_id": "/var/lib/libvirt/images/pool/master01-qcow2",
                "wwn": ""
              }
            ],
            "emulator": "/usr/libexec/qemu-kvm",
            "filesystem": [],
            "firmware": null,
            "fw_cfg_name": "opt/com.coreos/config",
            "graphics": [
              {
                "autoport": true,
                "listen_address": "0.0.0.0",
                "listen_type": "address",
                "type": "spice",
                "websocket": 0
              }
            ],
            "id": "be78570c-9373-4db6-a2f2-ae015d2a6e45",
            "initrd": "",
            "kernel": "",
            "machine": "pc",
            "memory": 8192,
            "metadata": null,
            "name": "master01-k8s",
            "network_interface": [
              {
                "addresses": [],
                "bridge": "br0",
                "hostname": "",
                "mac": "52:54:00:8A:23:EF",
                "macvtap": "",
                "network_id": "",
                "network_name": "",
                "passthrough": "",
                "vepa": "",
                "wait_for_lease": false
              }
            ],
            "nvram": [],
            "qemu_agent": false,
            "running": true,
            "timeouts": null,
            "tpm": [],
            "type": "kvm",
            "vcpu": 8,
            "video": [],
            "xml": []
          },
          "sensitive_attributes": [],
          "private": "eyJlMmJmYjczMC1lY2FhLTExZTYtOGY4OC0zNDM2M2JjN2M0YzAiOnsiY3JlYXRlIjozMDAwMDAwMDAwMDB9fQ==",
          "dependencies": [
            "data.template_file.network_config_master01",
            "data.template_file.user_data_master01",
            "libvirt_cloudinit_disk.commoninit_master01",
            "libvirt_volume.master01_centos07",
            "libvirt_volume.master01_volume"
          ]
        }
      ]
    },
    {
      "mode": "managed",
      "type": "libvirt_domain",
      "name": "master02-k8s",
      "provider": "provider[\"registry.terraform.io/dmacvicar/libvirt\"]",
      "instances": [
        {
          "schema_version": 0,
          "attributes": {
            "arch": "x86_64",
            "autostart": false,
            "boot_device": [],
            "cloudinit": "/var/lib/libvirt/images/pool/commoninit_master02.iso;49bf8051-5e7a-4766-8bec-7f8e813219b5",
            "cmdline": null,
            "console": [
              {
                "source_host": "127.0.0.1",
                "source_path": "",
                "source_service": "0",
                "target_port": "0",
                "target_type": "serial",
                "type": "pty"
              },
              {
                "source_host": "127.0.0.1",
                "source_path": "",
                "source_service": "0",
                "target_port": "1",
                "target_type": "virtio",
                "type": "pty"
              }
            ],
            "coreos_ignition": null,
            "cpu": [
              {
                "mode": "custom"
              }
            ],
            "description": "",
            "disk": [
              {
                "block_device": "",
                "file": "",
                "scsi": false,
                "url": "",
                "volume_id": "/var/lib/libvirt/images/pool/master02-qcow2",
                "wwn": ""
              }
            ],
            "emulator": "/usr/libexec/qemu-kvm",
            "filesystem": [],
            "firmware": null,
            "fw_cfg_name": "opt/com.coreos/config",
            "graphics": [
              {
                "autoport": true,
                "listen_address": "0.0.0.0",
                "listen_type": "address",
                "type": "spice",
                "websocket": 0
              }
            ],
            "id": "99dd8dc6-614a-42f8-9d01-6271b2c7b690",
            "initrd": "",
            "kernel": "",
            "machine": "pc",
            "memory": 8192,
            "metadata": null,
            "name": "master02-k8s",
            "network_interface": [
              {
                "addresses": [],
                "bridge": "br0",
                "hostname": "",
                "mac": "52:54:00:A2:05:A7",
                "macvtap": "",
                "network_id": "",
                "network_name": "",
                "passthrough": "",
                "vepa": "",
                "wait_for_lease": false
              }
            ],
            "nvram": [],
            "qemu_agent": false,
            "running": true,
            "timeouts": null,
            "tpm": [],
            "type": "kvm",
            "vcpu": 8,
            "video": [],
            "xml": []
          },
          "sensitive_attributes": [],
          "private": "eyJlMmJmYjczMC1lY2FhLTExZTYtOGY4OC0zNDM2M2JjN2M0YzAiOnsiY3JlYXRlIjozMDAwMDAwMDAwMDB9fQ==",
          "dependencies": [
            "data.template_file.network_config_master02",
            "data.template_file.user_data_master02",
            "libvirt_cloudinit_disk.commoninit_master02",
            "libvirt_volume.master02_centos07",
            "libvirt_volume.master02_volume"
          ]
        }
      ]
    },
    {
      "mode": "managed",
      "type": "libvirt_volume",
      "name": "centos_volume",
      "provider": "provider[\"registry.terraform.io/dmacvicar/libvirt\"]",
      "instances": [
        {
          "schema_version": 0,
          "attributes": {
            "base_volume_id": null,
            "base_volume_name": null,
            "base_volume_pool": null,
            "format": "qcow2",
            "id": "/var/lib/libvirt/images/pool/centos-qcow2",
            "name": "centos-qcow2",
            "pool": "pool01",
            "size": 107374182400,
            "source": null,
            "xml": []
          },
          "sensitive_attributes": [],
          "private": "bnVsbA=="
        }
      ]
    },
    {
      "mode": "managed",
      "type": "libvirt_volume",
      "name": "master01_centos07",
      "provider": "provider[\"registry.terraform.io/dmacvicar/libvirt\"]",
      "instances": [
        {
          "schema_version": 0,
          "attributes": {
            "base_volume_id": null,
            "base_volume_name": null,
            "base_volume_pool": null,
            "format": "qcow2",
            "id": "/var/lib/libvirt/images/master01_centos07",
            "name": "master01_centos07",
            "pool": "default",
            "size": 107374182400,
            "source": "/var/lib/libvirt/images/pool/CentOS-7-Cloud.qcow2",
            "xml": []
          },
          "sensitive_attributes": [],
          "private": "bnVsbA=="
        }
      ]
    },
    {
      "mode": "managed",
      "type": "libvirt_volume",
      "name": "master01_volume",
      "provider": "provider[\"registry.terraform.io/dmacvicar/libvirt\"]",
      "instances": [
        {
          "schema_version": 0,
          "attributes": {
            "base_volume_id": "/var/lib/libvirt/images/master01_centos07",
            "base_volume_name": null,
            "base_volume_pool": null,
            "format": "qcow2",
            "id": "/var/lib/libvirt/images/pool/master01-qcow2",
            "name": "master01-qcow2",
            "pool": "pool01",
            "size": 107374182400,
            "source": null,
            "xml": []
          },
          "sensitive_attributes": [],
          "private": "bnVsbA==",
          "dependencies": [
            "libvirt_volume.master01_centos07"
          ]
        }
      ]
    },
    {
      "mode": "managed",
      "type": "libvirt_volume",
      "name": "master02_centos07",
      "provider": "provider[\"registry.terraform.io/dmacvicar/libvirt\"]",
      "instances": [
        {
          "schema_version": 0,
          "attributes": {
            "base_volume_id": null,
            "base_volume_name": null,
            "base_volume_pool": null,
            "format": "qcow2",
            "id": "/var/lib/libvirt/images/master02_centos07",
            "name": "master02_centos07",
            "pool": "default",
            "size": 8589934592,
            "source": "/var/lib/libvirt/images/pool/CentOS-7-x86_64-GenericCloud.qcow2",
            "xml": []
          },
          "sensitive_attributes": [],
          "private": "bnVsbA=="
        }
      ]
    },
    {
      "mode": "managed",
      "type": "libvirt_volume",
      "name": "master02_volume",
      "provider": "provider[\"registry.terraform.io/dmacvicar/libvirt\"]",
      "instances": [
        {
          "schema_version": 0,
          "attributes": {
            "base_volume_id": "/var/lib/libvirt/images/master02_centos07",
            "base_volume_name": null,
            "base_volume_pool": null,
            "format": "qcow2",
            "id": "/var/lib/libvirt/images/pool/master02-qcow2",
            "name": "master02-qcow2",
            "pool": "pool01",
            "size": 107374182400,
            "source": null,
            "xml": []
          },
          "sensitive_attributes": [],
          "private": "bnVsbA==",
          "dependencies": [
            "libvirt_volume.master02_centos07"
          ]
        }
      ]
    }
  ],
  "check_results": null
}
