{
  "version": 4,
  "terraform_version": "1.6.6",
  "serial": 181,
  "lineage": "57adc98b-0262-7e07-5fbc-d59efea68918",
  "outputs": {},
  "resources": [
    {
      "mode": "data",
      "type": "template_file",
      "name": "network_config",
      "provider": "provider[\"registry.terraform.io/hashicorp/template\"]",
      "instances": [
        {
          "index_key": "master01",
          "schema_version": 0,
          "attributes": {
            "filename": null,
            "id": "e43ecba51adbd75894a30485fb950ac0a4b3d2bcd628cf81bf98ec9cef0aa81e",
            "rendered": "version: 2\nethernets:\n  eth0:\n     dhcp4: false\n     # default libvirt network\n     addresses: [ 192.168.30.80/24 ]\n     gateway4: 192.168.30.1\n     nameservers:\n       addresses: [ 192.168.30.17,8.8.8.8 ]\n",
            "template": "version: 2\nethernets:\n  eth0:\n     dhcp4: false\n     # default libvirt network\n     addresses: [ 192.168.30.80/24 ]\n     gateway4: 192.168.30.1\n     nameservers:\n       addresses: [ 192.168.30.17,8.8.8.8 ]\n",
            "vars": null
          },
          "sensitive_attributes": []
        },
        {
          "index_key": "master02",
          "schema_version": 0,
          "attributes": {
            "filename": null,
            "id": "8cfbf2ebfb88b31181ed6191b0e57bf026acdb23ec589ddc86c4204a79eab747",
            "rendered": "version: 2\nethernets:\n  eth0:\n     dhcp4: false\n     # default libvirt network\n     addresses: [ 192.168.30.81/24 ]\n     gateway4: 192.168.30.1\n     nameservers:\n       addresses: [ 192.168.30.17,8.8.8.8 ]\n",
            "template": "version: 2\nethernets:\n  eth0:\n     dhcp4: false\n     # default libvirt network\n     addresses: [ 192.168.30.81/24 ]\n     gateway4: 192.168.30.1\n     nameservers:\n       addresses: [ 192.168.30.17,8.8.8.8 ]\n",
            "vars": null
          },
          "sensitive_attributes": []
        },
        {
          "index_key": "master03",
          "schema_version": 0,
          "attributes": {
            "filename": null,
            "id": "69ca536968e309b6e258edac490d1fdb624abdde3b128ae3a372fd46db352348",
            "rendered": "version: 2\nethernets:\n  eth0:\n     dhcp4: false\n     # default libvirt network\n     addresses: [ 192.168.30.82/24 ]\n     gateway4: 192.168.30.1\n     nameservers:\n       addresses: [ 192.168.30.17,8.8.8.8 ]\n",
            "template": "version: 2\nethernets:\n  eth0:\n     dhcp4: false\n     # default libvirt network\n     addresses: [ 192.168.30.82/24 ]\n     gateway4: 192.168.30.1\n     nameservers:\n       addresses: [ 192.168.30.17,8.8.8.8 ]\n",
            "vars": null
          },
          "sensitive_attributes": []
        }
      ]
    },
    {
      "mode": "data",
      "type": "template_file",
      "name": "user_data",
      "provider": "provider[\"registry.terraform.io/hashicorp/template\"]",
      "instances": [
        {
          "index_key": "master01",
          "schema_version": 0,
          "attributes": {
            "filename": null,
            "id": "7baede59fae0450b02379d313a8369d9c912626268daf281809994c68506f695",
            "rendered": "#cloud-config\n#https://cloudinit.readthedocs.io/en/latest/topics/examples.html\nhostname: master01\nfqdn: master01-k8s.svtech.com\nbootcmd:\n  - echo 192.168.30.180 master01-k8s  \u003e\u003e /etc/hosts\n  - echo 192.168.30.181 master02-k8s  \u003e\u003e /etc/hosts\n  - echo 192.168.30.182 master03-k8s  \u003e\u003e /etc/hosts\n  - echo 192.168.30.183 worker01-k8s  \u003e\u003e /etc/hosts\n  - echo 192.168.30.184 worker02-k8s  \u003e\u003e /etc/hosts\n  - echo 192.168.30.185 worker03-k8s  \u003e\u003e /etc/hosts\nruncmd:\n - [ sh, -xc, \"echo $(date) ': hello world!'\" ]\nssh_pwauth: true\ndisable_root: false\nchpasswd:\n  list: |\n     root:admin123\n  expire: false\nusers:\n  - name: cloud\n    sudo: ALL=(ALL) NOPASSWD:ALL\n    groups: users, admin\n    home: /home/cloud\n    shell: /bin/bash\n    lock_passwd: false\n    ssh-authorized-keys:\n      - ssh-rsa AAAAB3NzaC1yc2EAAAADAQABAAABgQDbFRpR97+QFh+Qdh/ulfiOGh6dYvthkaU/wrGXkgPFtF2FJADJg7APiBN3VtP4SY2f3PrRDtbaeVnR60qm1XvMuHc0wP/DJd0NNax5Ff5KtNs7f7fd4GouYQZ0Euviki92gAfOoJbQudwoO0XQQqggb8lcz1XLDP9n1QMcx57cf/UtKR6XNT2lje///8Rn4EklauCWnWh94f5woo2KQAvBlaa7Iy0N3+59Lic/3+dK3XeXhYISczIRneif3qFn9dqaIDS666LTdot5aVFTpNHO0UG4t70QPdHyECqpMZJBsry3RBLOMNpgxt+lMy+aHvdOd6ocw1pAH6EaeQTm2TLb0ogMtRgW2jNPlVUmt/5D0dpA+LHOVHAMqKEw/uCVeGz/bRAZzJD3HKqEvyl0igNNhFYf9fsFUIikFp95yrnki3wzU0hHVWnBuxlO2VM2E9mzuY3GJkz3/xDSNxdoQrcfbN/dpvBeRqEuSx//RvKcnwESnqyBa8FoTzIlJdMAPHU= root@localhost.localdomain\nfinal_message: \"The system is finally up, after $UPTIME seconds\"\n",
            "template": "#cloud-config\n#https://cloudinit.readthedocs.io/en/latest/topics/examples.html\nhostname: master01\nfqdn: master01-k8s.svtech.com\nbootcmd:\n  - echo 192.168.30.180 master01-k8s  \u003e\u003e /etc/hosts\n  - echo 192.168.30.181 master02-k8s  \u003e\u003e /etc/hosts\n  - echo 192.168.30.182 master03-k8s  \u003e\u003e /etc/hosts\n  - echo 192.168.30.183 worker01-k8s  \u003e\u003e /etc/hosts\n  - echo 192.168.30.184 worker02-k8s  \u003e\u003e /etc/hosts\n  - echo 192.168.30.185 worker03-k8s  \u003e\u003e /etc/hosts\nruncmd:\n - [ sh, -xc, \"echo $(date) ': hello world!'\" ]\nssh_pwauth: true\ndisable_root: false\nchpasswd:\n  list: |\n     root:admin123\n  expire: false\nusers:\n  - name: cloud\n    sudo: ALL=(ALL) NOPASSWD:ALL\n    groups: users, admin\n    home: /home/cloud\n    shell: /bin/bash\n    lock_passwd: false\n    ssh-authorized-keys:\n      - ssh-rsa AAAAB3NzaC1yc2EAAAADAQABAAABgQDbFRpR97+QFh+Qdh/ulfiOGh6dYvthkaU/wrGXkgPFtF2FJADJg7APiBN3VtP4SY2f3PrRDtbaeVnR60qm1XvMuHc0wP/DJd0NNax5Ff5KtNs7f7fd4GouYQZ0Euviki92gAfOoJbQudwoO0XQQqggb8lcz1XLDP9n1QMcx57cf/UtKR6XNT2lje///8Rn4EklauCWnWh94f5woo2KQAvBlaa7Iy0N3+59Lic/3+dK3XeXhYISczIRneif3qFn9dqaIDS666LTdot5aVFTpNHO0UG4t70QPdHyECqpMZJBsry3RBLOMNpgxt+lMy+aHvdOd6ocw1pAH6EaeQTm2TLb0ogMtRgW2jNPlVUmt/5D0dpA+LHOVHAMqKEw/uCVeGz/bRAZzJD3HKqEvyl0igNNhFYf9fsFUIikFp95yrnki3wzU0hHVWnBuxlO2VM2E9mzuY3GJkz3/xDSNxdoQrcfbN/dpvBeRqEuSx//RvKcnwESnqyBa8FoTzIlJdMAPHU= root@localhost.localdomain\nfinal_message: \"The system is finally up, after $UPTIME seconds\"\n",
            "vars": null
          },
          "sensitive_attributes": []
        },
        {
          "index_key": "master02",
          "schema_version": 0,
          "attributes": {
            "filename": null,
            "id": "730be5409b40ff9de4f4100c072be5f857e48fed1c4126412750916ec2739500",
            "rendered": "#cloud-config\n#https://cloudinit.readthedocs.io/en/latest/topics/examples.html\nhostname: master02\nfqdn: master02-k8s.svtech.com\nbootcmd:\n  - echo 192.168.30.180 master01-k8s  \u003e\u003e /etc/hosts\n  - echo 192.168.30.181 master02-k8s  \u003e\u003e /etc/hosts\n  - echo 192.168.30.182 master03-k8s  \u003e\u003e /etc/hosts\n  - echo 192.168.30.183 worker01-k8s  \u003e\u003e /etc/hosts\n  - echo 192.168.30.184 worker02-k8s  \u003e\u003e /etc/hosts\n  - echo 192.168.30.185 worker03-k8s  \u003e\u003e /etc/hosts\nruncmd:\n - [ sh, -xc, \"echo $(date) ': hello world!'\" ]\nssh_pwauth: true\ndisable_root: false\nchpasswd:\n  list: |\n     root:admin123\n  expire: false\nusers:\n  - name: cloud\n    sudo: ALL=(ALL) NOPASSWD:ALL\n    groups: users, admin\n    home: /home/cloud\n    shell: /bin/bash\n    lock_passwd: false\n    ssh-authorized-keys:\n      - ssh-rsa AAAAB3NzaC1yc2EAAAADAQABAAABgQDbFRpR97+QFh+Qdh/ulfiOGh6dYvthkaU/wrGXkgPFtF2FJADJg7APiBN3VtP4SY2f3PrRDtbaeVnR60qm1XvMuHc0wP/DJd0NNax5Ff5KtNs7f7fd4GouYQZ0Euviki92gAfOoJbQudwoO0XQQqggb8lcz1XLDP9n1QMcx57cf/UtKR6XNT2lje///8Rn4EklauCWnWh94f5woo2KQAvBlaa7Iy0N3+59Lic/3+dK3XeXhYISczIRneif3qFn9dqaIDS666LTdot5aVFTpNHO0UG4t70QPdHyECqpMZJBsry3RBLOMNpgxt+lMy+aHvdOd6ocw1pAH6EaeQTm2TLb0ogMtRgW2jNPlVUmt/5D0dpA+LHOVHAMqKEw/uCVeGz/bRAZzJD3HKqEvyl0igNNhFYf9fsFUIikFp95yrnki3wzU0hHVWnBuxlO2VM2E9mzuY3GJkz3/xDSNxdoQrcfbN/dpvBeRqEuSx//RvKcnwESnqyBa8FoTzIlJdMAPHU= root@localhost.localdomain\nfinal_message: \"The system is finally up, after $UPTIME seconds\"\n",
            "template": "#cloud-config\n#https://cloudinit.readthedocs.io/en/latest/topics/examples.html\nhostname: master02\nfqdn: master02-k8s.svtech.com\nbootcmd:\n  - echo 192.168.30.180 master01-k8s  \u003e\u003e /etc/hosts\n  - echo 192.168.30.181 master02-k8s  \u003e\u003e /etc/hosts\n  - echo 192.168.30.182 master03-k8s  \u003e\u003e /etc/hosts\n  - echo 192.168.30.183 worker01-k8s  \u003e\u003e /etc/hosts\n  - echo 192.168.30.184 worker02-k8s  \u003e\u003e /etc/hosts\n  - echo 192.168.30.185 worker03-k8s  \u003e\u003e /etc/hosts\nruncmd:\n - [ sh, -xc, \"echo $(date) ': hello world!'\" ]\nssh_pwauth: true\ndisable_root: false\nchpasswd:\n  list: |\n     root:admin123\n  expire: false\nusers:\n  - name: cloud\n    sudo: ALL=(ALL) NOPASSWD:ALL\n    groups: users, admin\n    home: /home/cloud\n    shell: /bin/bash\n    lock_passwd: false\n    ssh-authorized-keys:\n      - ssh-rsa AAAAB3NzaC1yc2EAAAADAQABAAABgQDbFRpR97+QFh+Qdh/ulfiOGh6dYvthkaU/wrGXkgPFtF2FJADJg7APiBN3VtP4SY2f3PrRDtbaeVnR60qm1XvMuHc0wP/DJd0NNax5Ff5KtNs7f7fd4GouYQZ0Euviki92gAfOoJbQudwoO0XQQqggb8lcz1XLDP9n1QMcx57cf/UtKR6XNT2lje///8Rn4EklauCWnWh94f5woo2KQAvBlaa7Iy0N3+59Lic/3+dK3XeXhYISczIRneif3qFn9dqaIDS666LTdot5aVFTpNHO0UG4t70QPdHyECqpMZJBsry3RBLOMNpgxt+lMy+aHvdOd6ocw1pAH6EaeQTm2TLb0ogMtRgW2jNPlVUmt/5D0dpA+LHOVHAMqKEw/uCVeGz/bRAZzJD3HKqEvyl0igNNhFYf9fsFUIikFp95yrnki3wzU0hHVWnBuxlO2VM2E9mzuY3GJkz3/xDSNxdoQrcfbN/dpvBeRqEuSx//RvKcnwESnqyBa8FoTzIlJdMAPHU= root@localhost.localdomain\nfinal_message: \"The system is finally up, after $UPTIME seconds\"\n",
            "vars": null
          },
          "sensitive_attributes": []
        },
        {
          "index_key": "master03",
          "schema_version": 0,
          "attributes": {
            "filename": null,
            "id": "a237dc24c8867551fb0d6f801b96c2fd28fbe2bac36a263c332718def3cc626e",
            "rendered": "#cloud-config\n#https://cloudinit.readthedocs.io/en/latest/topics/examples.html\nhostname: master03-k8s\nfqdn: master03-k8s.svtech.com\nbootcmd:\n  - echo 192.168.30.180 master01-k8s  \u003e\u003e /etc/hosts\n  - echo 192.168.30.181 master02-k8s  \u003e\u003e /etc/hosts\n  - echo 192.168.30.182 master03-k8s  \u003e\u003e /etc/hosts\n  - echo 192.168.30.183 worker01-k8s  \u003e\u003e /etc/hosts\n  - echo 192.168.30.184 worker02-k8s  \u003e\u003e /etc/hosts\n  - echo 192.168.30.185 worker03-k8s  \u003e\u003e /etc/hosts\nruncmd:\n - [ sh, -xc, \"echo $(date) ': hello world!'\" ]\nssh_pwauth: true\ndisable_root: false\nchpasswd:\n  list: |\n     root:admin123\n  expire: false\nusers:\n  - name: cloud\n    sudo: ALL=(ALL) NOPASSWD:ALL\n    groups: users, admin\n    home: /home/cloud\n    shell: /bin/bash\n    lock_passwd: false\n    ssh-authorized-keys:\n      - ssh-rsa AAAAB3NzaC1yc2EAAAADAQABAAABgQDbFRpR97+QFh+Qdh/ulfiOGh6dYvthkaU/wrGXkgPFtF2FJADJg7APiBN3VtP4SY2f3PrRDtbaeVnR60qm1XvMuHc0wP/DJd0NNax5Ff5KtNs7f7fd4GouYQZ0Euviki92gAfOoJbQudwoO0XQQqggb8lcz1XLDP9n1QMcx57cf/UtKR6XNT2lje///8Rn4EklauCWnWh94f5woo2KQAvBlaa7Iy0N3+59Lic/3+dK3XeXhYISczIRneif3qFn9dqaIDS666LTdot5aVFTpNHO0UG4t70QPdHyECqpMZJBsry3RBLOMNpgxt+lMy+aHvdOd6ocw1pAH6EaeQTm2TLb0ogMtRgW2jNPlVUmt/5D0dpA+LHOVHAMqKEw/uCVeGz/bRAZzJD3HKqEvyl0igNNhFYf9fsFUIikFp95yrnki3wzU0hHVWnBuxlO2VM2E9mzuY3GJkz3/xDSNxdoQrcfbN/dpvBeRqEuSx//RvKcnwESnqyBa8FoTzIlJdMAPHU= root@localhost.localdomain\nfinal_message: \"The system is finally up, after $UPTIME seconds\"\n",
            "template": "#cloud-config\n#https://cloudinit.readthedocs.io/en/latest/topics/examples.html\nhostname: master03-k8s\nfqdn: master03-k8s.svtech.com\nbootcmd:\n  - echo 192.168.30.180 master01-k8s  \u003e\u003e /etc/hosts\n  - echo 192.168.30.181 master02-k8s  \u003e\u003e /etc/hosts\n  - echo 192.168.30.182 master03-k8s  \u003e\u003e /etc/hosts\n  - echo 192.168.30.183 worker01-k8s  \u003e\u003e /etc/hosts\n  - echo 192.168.30.184 worker02-k8s  \u003e\u003e /etc/hosts\n  - echo 192.168.30.185 worker03-k8s  \u003e\u003e /etc/hosts\nruncmd:\n - [ sh, -xc, \"echo $(date) ': hello world!'\" ]\nssh_pwauth: true\ndisable_root: false\nchpasswd:\n  list: |\n     root:admin123\n  expire: false\nusers:\n  - name: cloud\n    sudo: ALL=(ALL) NOPASSWD:ALL\n    groups: users, admin\n    home: /home/cloud\n    shell: /bin/bash\n    lock_passwd: false\n    ssh-authorized-keys:\n      - ssh-rsa AAAAB3NzaC1yc2EAAAADAQABAAABgQDbFRpR97+QFh+Qdh/ulfiOGh6dYvthkaU/wrGXkgPFtF2FJADJg7APiBN3VtP4SY2f3PrRDtbaeVnR60qm1XvMuHc0wP/DJd0NNax5Ff5KtNs7f7fd4GouYQZ0Euviki92gAfOoJbQudwoO0XQQqggb8lcz1XLDP9n1QMcx57cf/UtKR6XNT2lje///8Rn4EklauCWnWh94f5woo2KQAvBlaa7Iy0N3+59Lic/3+dK3XeXhYISczIRneif3qFn9dqaIDS666LTdot5aVFTpNHO0UG4t70QPdHyECqpMZJBsry3RBLOMNpgxt+lMy+aHvdOd6ocw1pAH6EaeQTm2TLb0ogMtRgW2jNPlVUmt/5D0dpA+LHOVHAMqKEw/uCVeGz/bRAZzJD3HKqEvyl0igNNhFYf9fsFUIikFp95yrnki3wzU0hHVWnBuxlO2VM2E9mzuY3GJkz3/xDSNxdoQrcfbN/dpvBeRqEuSx//RvKcnwESnqyBa8FoTzIlJdMAPHU= root@localhost.localdomain\nfinal_message: \"The system is finally up, after $UPTIME seconds\"\n",
            "vars": null
          },
          "sensitive_attributes": []
        }
      ]
    },
    {
      "mode": "data",
      "type": "template_file",
      "name": "worker_network_config",
      "provider": "provider[\"registry.terraform.io/hashicorp/template\"]",
      "instances": [
        {
          "index_key": "worker01",
          "schema_version": 0,
          "attributes": {
            "filename": null,
            "id": "7ace811a5bbf88b9d5c24aeeed3be5386b45c8b49d613a609268745e61d4df9e",
            "rendered": "version: 2\nethernets:\n  eth0:\n     dhcp4: false\n     # default libvirt network\n     addresses: [ 192.168.30.83/24 ]\n     gateway4: 192.168.30.1\n     nameservers:\n       addresses: [ 192.168.30.17,8.8.8.8 ]\n",
            "template": "version: 2\nethernets:\n  eth0:\n     dhcp4: false\n     # default libvirt network\n     addresses: [ 192.168.30.83/24 ]\n     gateway4: 192.168.30.1\n     nameservers:\n       addresses: [ 192.168.30.17,8.8.8.8 ]\n",
            "vars": null
          },
          "sensitive_attributes": []
        },
        {
          "index_key": "worker02",
          "schema_version": 0,
          "attributes": {
            "filename": null,
            "id": "52959228f18a6c104d829620552e4fd248940b7d0a726a56372d8a4ef3dd12f0",
            "rendered": "version: 2\nethernets:\n  eth0:\n     dhcp4: false\n     # default libvirt network\n     addresses: [ 192.168.30.84/24 ]\n     gateway4: 192.168.30.1\n     nameservers:\n       addresses: [ 192.168.30.17,8.8.8.8 ]\n",
            "template": "version: 2\nethernets:\n  eth0:\n     dhcp4: false\n     # default libvirt network\n     addresses: [ 192.168.30.84/24 ]\n     gateway4: 192.168.30.1\n     nameservers:\n       addresses: [ 192.168.30.17,8.8.8.8 ]\n",
            "vars": null
          },
          "sensitive_attributes": []
        },
        {
          "index_key": "worker03",
          "schema_version": 0,
          "attributes": {
            "filename": null,
            "id": "e42ec34f6e92af7a3f7beddc3e17b1d829955cdd73460e956762c778ff37ac35",
            "rendered": "version: 2\nethernets:\n  eth0:\n     dhcp4: false\n     # default libvirt network\n     addresses: [ 192.168.30.85/24 ]\n     gateway4: 192.168.30.1\n     nameservers:\n       addresses: [ 192.168.30.17,8.8.8.8 ]\n",
            "template": "version: 2\nethernets:\n  eth0:\n     dhcp4: false\n     # default libvirt network\n     addresses: [ 192.168.30.85/24 ]\n     gateway4: 192.168.30.1\n     nameservers:\n       addresses: [ 192.168.30.17,8.8.8.8 ]\n",
            "vars": null
          },
          "sensitive_attributes": []
        }
      ]
    },
    {
      "mode": "data",
      "type": "template_file",
      "name": "worker_user_data",
      "provider": "provider[\"registry.terraform.io/hashicorp/template\"]",
      "instances": [
        {
          "index_key": "worker01",
          "schema_version": 0,
          "attributes": {
            "filename": null,
            "id": "ea2f0bdd254bb1945307e34ddab67eb7afd3335dc8156880c90cb96afb78e096",
            "rendered": "#cloud-config\n#https://cloudinit.readthedocs.io/en/latest/topics/examples.html\nhostname: worker01-k8s\nfqdn: worker01-k8s.svtech.com\nbootcmd:\n  - echo 192.168.30.180 master01-k8s  \u003e\u003e /etc/hosts\n  - echo 192.168.30.181 master02-k8s  \u003e\u003e /etc/hosts\n  - echo 192.168.30.182 master03-k8s  \u003e\u003e /etc/hosts\n  - echo 192.168.30.183 worker01-k8s  \u003e\u003e /etc/hosts\n  - echo 192.168.30.184 worker02-k8s  \u003e\u003e /etc/hosts\n  - echo 192.168.30.185 worker03-k8s  \u003e\u003e /etc/hosts\nruncmd:\n - [ sh, -xc, \"echo $(date) ': hello world!'\" ]\nssh_pwauth: true\ndisable_root: false\nchpasswd:\n  list: |\n     root:admin123\n  expire: false\nusers:\n  - name: cloud\n    sudo: ALL=(ALL) NOPASSWD:ALL\n    groups: users, admin\n    home: /home/cloud\n    shell: /bin/bash\n    lock_passwd: false\n    ssh-authorized-keys:\n      - ssh-rsa AAAAB3NzaC1yc2EAAAADAQABAAABgQDbFRpR97+QFh+Qdh/ulfiOGh6dYvthkaU/wrGXkgPFtF2FJADJg7APiBN3VtP4SY2f3PrRDtbaeVnR60qm1XvMuHc0wP/DJd0NNax5Ff5KtNs7f7fd4GouYQZ0Euviki92gAfOoJbQudwoO0XQQqggb8lcz1XLDP9n1QMcx57cf/UtKR6XNT2lje///8Rn4EklauCWnWh94f5woo2KQAvBlaa7Iy0N3+59Lic/3+dK3XeXhYISczIRneif3qFn9dqaIDS666LTdot5aVFTpNHO0UG4t70QPdHyECqpMZJBsry3RBLOMNpgxt+lMy+aHvdOd6ocw1pAH6EaeQTm2TLb0ogMtRgW2jNPlVUmt/5D0dpA+LHOVHAMqKEw/uCVeGz/bRAZzJD3HKqEvyl0igNNhFYf9fsFUIikFp95yrnki3wzU0hHVWnBuxlO2VM2E9mzuY3GJkz3/xDSNxdoQrcfbN/dpvBeRqEuSx//RvKcnwESnqyBa8FoTzIlJdMAPHU= root@localhost.localdomain\nfinal_message: \"The system is finally up, after $UPTIME seconds\"\n",
            "template": "#cloud-config\n#https://cloudinit.readthedocs.io/en/latest/topics/examples.html\nhostname: worker01-k8s\nfqdn: worker01-k8s.svtech.com\nbootcmd:\n  - echo 192.168.30.180 master01-k8s  \u003e\u003e /etc/hosts\n  - echo 192.168.30.181 master02-k8s  \u003e\u003e /etc/hosts\n  - echo 192.168.30.182 master03-k8s  \u003e\u003e /etc/hosts\n  - echo 192.168.30.183 worker01-k8s  \u003e\u003e /etc/hosts\n  - echo 192.168.30.184 worker02-k8s  \u003e\u003e /etc/hosts\n  - echo 192.168.30.185 worker03-k8s  \u003e\u003e /etc/hosts\nruncmd:\n - [ sh, -xc, \"echo $(date) ': hello world!'\" ]\nssh_pwauth: true\ndisable_root: false\nchpasswd:\n  list: |\n     root:admin123\n  expire: false\nusers:\n  - name: cloud\n    sudo: ALL=(ALL) NOPASSWD:ALL\n    groups: users, admin\n    home: /home/cloud\n    shell: /bin/bash\n    lock_passwd: false\n    ssh-authorized-keys:\n      - ssh-rsa AAAAB3NzaC1yc2EAAAADAQABAAABgQDbFRpR97+QFh+Qdh/ulfiOGh6dYvthkaU/wrGXkgPFtF2FJADJg7APiBN3VtP4SY2f3PrRDtbaeVnR60qm1XvMuHc0wP/DJd0NNax5Ff5KtNs7f7fd4GouYQZ0Euviki92gAfOoJbQudwoO0XQQqggb8lcz1XLDP9n1QMcx57cf/UtKR6XNT2lje///8Rn4EklauCWnWh94f5woo2KQAvBlaa7Iy0N3+59Lic/3+dK3XeXhYISczIRneif3qFn9dqaIDS666LTdot5aVFTpNHO0UG4t70QPdHyECqpMZJBsry3RBLOMNpgxt+lMy+aHvdOd6ocw1pAH6EaeQTm2TLb0ogMtRgW2jNPlVUmt/5D0dpA+LHOVHAMqKEw/uCVeGz/bRAZzJD3HKqEvyl0igNNhFYf9fsFUIikFp95yrnki3wzU0hHVWnBuxlO2VM2E9mzuY3GJkz3/xDSNxdoQrcfbN/dpvBeRqEuSx//RvKcnwESnqyBa8FoTzIlJdMAPHU= root@localhost.localdomain\nfinal_message: \"The system is finally up, after $UPTIME seconds\"\n",
            "vars": null
          },
          "sensitive_attributes": []
        },
        {
          "index_key": "worker02",
          "schema_version": 0,
          "attributes": {
            "filename": null,
            "id": "11f8e9be6fad8872991b42e56f3c76967dcd943a9fb03c9d7828ec48a67bad63",
            "rendered": "#cloud-config\n#https://cloudinit.readthedocs.io/en/latest/topics/examples.html\nhostname: worker02-k8s\nfqdn: worker02-k8s.svtech.com\nbootcmd:\n  - echo 192.168.30.180 master01-k8s  \u003e\u003e /etc/hosts\n  - echo 192.168.30.181 master02-k8s  \u003e\u003e /etc/hosts\n  - echo 192.168.30.182 master03-k8s  \u003e\u003e /etc/hosts\n  - echo 192.168.30.183 worker01-k8s  \u003e\u003e /etc/hosts\n  - echo 192.168.30.184 worker02-k8s  \u003e\u003e /etc/hosts\n  - echo 192.168.30.185 worker03-k8s  \u003e\u003e /etc/hosts\nruncmd:\n - [ sh, -xc, \"echo $(date) ': hello world!'\" ]\nssh_pwauth: true\ndisable_root: false\nchpasswd:\n  list: |\n     root:admin123\n  expire: false\nusers:\n  - name: cloud\n    sudo: ALL=(ALL) NOPASSWD:ALL\n    groups: users, admin\n    home: /home/cloud\n    shell: /bin/bash\n    lock_passwd: false\n    ssh-authorized-keys:\n      - ssh-rsa AAAAB3NzaC1yc2EAAAADAQABAAABgQDbFRpR97+QFh+Qdh/ulfiOGh6dYvthkaU/wrGXkgPFtF2FJADJg7APiBN3VtP4SY2f3PrRDtbaeVnR60qm1XvMuHc0wP/DJd0NNax5Ff5KtNs7f7fd4GouYQZ0Euviki92gAfOoJbQudwoO0XQQqggb8lcz1XLDP9n1QMcx57cf/UtKR6XNT2lje///8Rn4EklauCWnWh94f5woo2KQAvBlaa7Iy0N3+59Lic/3+dK3XeXhYISczIRneif3qFn9dqaIDS666LTdot5aVFTpNHO0UG4t70QPdHyECqpMZJBsry3RBLOMNpgxt+lMy+aHvdOd6ocw1pAH6EaeQTm2TLb0ogMtRgW2jNPlVUmt/5D0dpA+LHOVHAMqKEw/uCVeGz/bRAZzJD3HKqEvyl0igNNhFYf9fsFUIikFp95yrnki3wzU0hHVWnBuxlO2VM2E9mzuY3GJkz3/xDSNxdoQrcfbN/dpvBeRqEuSx//RvKcnwESnqyBa8FoTzIlJdMAPHU= root@localhost.localdomain\nfinal_message: \"The system is finally up, after $UPTIME seconds\"\n",
            "template": "#cloud-config\n#https://cloudinit.readthedocs.io/en/latest/topics/examples.html\nhostname: worker02-k8s\nfqdn: worker02-k8s.svtech.com\nbootcmd:\n  - echo 192.168.30.180 master01-k8s  \u003e\u003e /etc/hosts\n  - echo 192.168.30.181 master02-k8s  \u003e\u003e /etc/hosts\n  - echo 192.168.30.182 master03-k8s  \u003e\u003e /etc/hosts\n  - echo 192.168.30.183 worker01-k8s  \u003e\u003e /etc/hosts\n  - echo 192.168.30.184 worker02-k8s  \u003e\u003e /etc/hosts\n  - echo 192.168.30.185 worker03-k8s  \u003e\u003e /etc/hosts\nruncmd:\n - [ sh, -xc, \"echo $(date) ': hello world!'\" ]\nssh_pwauth: true\ndisable_root: false\nchpasswd:\n  list: |\n     root:admin123\n  expire: false\nusers:\n  - name: cloud\n    sudo: ALL=(ALL) NOPASSWD:ALL\n    groups: users, admin\n    home: /home/cloud\n    shell: /bin/bash\n    lock_passwd: false\n    ssh-authorized-keys:\n      - ssh-rsa AAAAB3NzaC1yc2EAAAADAQABAAABgQDbFRpR97+QFh+Qdh/ulfiOGh6dYvthkaU/wrGXkgPFtF2FJADJg7APiBN3VtP4SY2f3PrRDtbaeVnR60qm1XvMuHc0wP/DJd0NNax5Ff5KtNs7f7fd4GouYQZ0Euviki92gAfOoJbQudwoO0XQQqggb8lcz1XLDP9n1QMcx57cf/UtKR6XNT2lje///8Rn4EklauCWnWh94f5woo2KQAvBlaa7Iy0N3+59Lic/3+dK3XeXhYISczIRneif3qFn9dqaIDS666LTdot5aVFTpNHO0UG4t70QPdHyECqpMZJBsry3RBLOMNpgxt+lMy+aHvdOd6ocw1pAH6EaeQTm2TLb0ogMtRgW2jNPlVUmt/5D0dpA+LHOVHAMqKEw/uCVeGz/bRAZzJD3HKqEvyl0igNNhFYf9fsFUIikFp95yrnki3wzU0hHVWnBuxlO2VM2E9mzuY3GJkz3/xDSNxdoQrcfbN/dpvBeRqEuSx//RvKcnwESnqyBa8FoTzIlJdMAPHU= root@localhost.localdomain\nfinal_message: \"The system is finally up, after $UPTIME seconds\"\n",
            "vars": null
          },
          "sensitive_attributes": []
        },
        {
          "index_key": "worker03",
          "schema_version": 0,
          "attributes": {
            "filename": null,
            "id": "c6acc84e46b36d6838d09fc1885636e4a0b75cb3131e4e88030902af409c049f",
            "rendered": "#cloud-config\n#https://cloudinit.readthedocs.io/en/latest/topics/examples.html\nhostname: worker03-k8s\nfqdn: worker03-k8s.svtech.com\nbootcmd:\n  - echo 192.168.30.180 master01-k8s  \u003e\u003e /etc/hosts\n  - echo 192.168.30.181 master02-k8s  \u003e\u003e /etc/hosts\n  - echo 192.168.30.182 master03-k8s  \u003e\u003e /etc/hosts\n  - echo 192.168.30.183 worker01-k8s  \u003e\u003e /etc/hosts\n  - echo 192.168.30.184 worker02-k8s  \u003e\u003e /etc/hosts\n  - echo 192.168.30.185 worker03-k8s  \u003e\u003e /etc/hosts\nruncmd:\n - [ sh, -xc, \"echo $(date) ': hello world!'\" ]\nssh_pwauth: true\ndisable_root: false\nchpasswd:\n  list: |\n     root:admin123\n  expire: false\nusers:\n  - name: cloud\n    sudo: ALL=(ALL) NOPASSWD:ALL\n    groups: users, admin\n    home: /home/cloud\n    shell: /bin/bash\n    lock_passwd: false\n    ssh-authorized-keys:\n      - ssh-rsa AAAAB3NzaC1yc2EAAAADAQABAAABgQDbFRpR97+QFh+Qdh/ulfiOGh6dYvthkaU/wrGXkgPFtF2FJADJg7APiBN3VtP4SY2f3PrRDtbaeVnR60qm1XvMuHc0wP/DJd0NNax5Ff5KtNs7f7fd4GouYQZ0Euviki92gAfOoJbQudwoO0XQQqggb8lcz1XLDP9n1QMcx57cf/UtKR6XNT2lje///8Rn4EklauCWnWh94f5woo2KQAvBlaa7Iy0N3+59Lic/3+dK3XeXhYISczIRneif3qFn9dqaIDS666LTdot5aVFTpNHO0UG4t70QPdHyECqpMZJBsry3RBLOMNpgxt+lMy+aHvdOd6ocw1pAH6EaeQTm2TLb0ogMtRgW2jNPlVUmt/5D0dpA+LHOVHAMqKEw/uCVeGz/bRAZzJD3HKqEvyl0igNNhFYf9fsFUIikFp95yrnki3wzU0hHVWnBuxlO2VM2E9mzuY3GJkz3/xDSNxdoQrcfbN/dpvBeRqEuSx//RvKcnwESnqyBa8FoTzIlJdMAPHU= root@localhost.localdomain\nfinal_message: \"The system is finally up, after $UPTIME seconds\"\n",
            "template": "#cloud-config\n#https://cloudinit.readthedocs.io/en/latest/topics/examples.html\nhostname: worker03-k8s\nfqdn: worker03-k8s.svtech.com\nbootcmd:\n  - echo 192.168.30.180 master01-k8s  \u003e\u003e /etc/hosts\n  - echo 192.168.30.181 master02-k8s  \u003e\u003e /etc/hosts\n  - echo 192.168.30.182 master03-k8s  \u003e\u003e /etc/hosts\n  - echo 192.168.30.183 worker01-k8s  \u003e\u003e /etc/hosts\n  - echo 192.168.30.184 worker02-k8s  \u003e\u003e /etc/hosts\n  - echo 192.168.30.185 worker03-k8s  \u003e\u003e /etc/hosts\nruncmd:\n - [ sh, -xc, \"echo $(date) ': hello world!'\" ]\nssh_pwauth: true\ndisable_root: false\nchpasswd:\n  list: |\n     root:admin123\n  expire: false\nusers:\n  - name: cloud\n    sudo: ALL=(ALL) NOPASSWD:ALL\n    groups: users, admin\n    home: /home/cloud\n    shell: /bin/bash\n    lock_passwd: false\n    ssh-authorized-keys:\n      - ssh-rsa AAAAB3NzaC1yc2EAAAADAQABAAABgQDbFRpR97+QFh+Qdh/ulfiOGh6dYvthkaU/wrGXkgPFtF2FJADJg7APiBN3VtP4SY2f3PrRDtbaeVnR60qm1XvMuHc0wP/DJd0NNax5Ff5KtNs7f7fd4GouYQZ0Euviki92gAfOoJbQudwoO0XQQqggb8lcz1XLDP9n1QMcx57cf/UtKR6XNT2lje///8Rn4EklauCWnWh94f5woo2KQAvBlaa7Iy0N3+59Lic/3+dK3XeXhYISczIRneif3qFn9dqaIDS666LTdot5aVFTpNHO0UG4t70QPdHyECqpMZJBsry3RBLOMNpgxt+lMy+aHvdOd6ocw1pAH6EaeQTm2TLb0ogMtRgW2jNPlVUmt/5D0dpA+LHOVHAMqKEw/uCVeGz/bRAZzJD3HKqEvyl0igNNhFYf9fsFUIikFp95yrnki3wzU0hHVWnBuxlO2VM2E9mzuY3GJkz3/xDSNxdoQrcfbN/dpvBeRqEuSx//RvKcnwESnqyBa8FoTzIlJdMAPHU= root@localhost.localdomain\nfinal_message: \"The system is finally up, after $UPTIME seconds\"\n",
            "vars": null
          },
          "sensitive_attributes": []
        }
      ]
    },
    {
      "mode": "managed",
      "type": "libvirt_cloudinit_disk",
      "name": "commoninit",
      "provider": "provider[\"registry.terraform.io/dmacvicar/libvirt\"]",
      "instances": [
        {
          "index_key": "master01",
          "schema_version": 0,
          "attributes": {
            "id": "/var/lib/libvirt/images/pool/commoninit-master01;502e6d9c-457e-44ca-ba04-20e54169232f",
            "meta_data": "",
            "name": "commoninit-master01",
            "network_config": "version: 2\nethernets:\n  eth0:\n     dhcp4: false\n     # default libvirt network\n     addresses: [ 192.168.30.80/24 ]\n     gateway4: 192.168.30.1\n     nameservers:\n       addresses: [ 192.168.30.17,8.8.8.8 ]\n",
            "pool": "pool01",
            "user_data": "#cloud-config\n#https://cloudinit.readthedocs.io/en/latest/topics/examples.html\nhostname: master01\nfqdn: master01-k8s.svtech.com\nbootcmd:\n  - echo 192.168.30.180 master01-k8s  \u003e\u003e /etc/hosts\n  - echo 192.168.30.181 master02-k8s  \u003e\u003e /etc/hosts\n  - echo 192.168.30.182 master03-k8s  \u003e\u003e /etc/hosts\n  - echo 192.168.30.183 worker01-k8s  \u003e\u003e /etc/hosts\n  - echo 192.168.30.184 worker02-k8s  \u003e\u003e /etc/hosts\n  - echo 192.168.30.185 worker03-k8s  \u003e\u003e /etc/hosts\nruncmd:\n - [ sh, -xc, \"echo $(date) ': hello world!'\" ]\nssh_pwauth: true\ndisable_root: false\nchpasswd:\n  list: |\n     root:admin123\n  expire: false\nusers:\n  - name: cloud\n    sudo: ALL=(ALL) NOPASSWD:ALL\n    groups: users, admin\n    home: /home/cloud\n    shell: /bin/bash\n    lock_passwd: false\n    ssh-authorized-keys:\n      - ssh-rsa AAAAB3NzaC1yc2EAAAADAQABAAABgQDbFRpR97+QFh+Qdh/ulfiOGh6dYvthkaU/wrGXkgPFtF2FJADJg7APiBN3VtP4SY2f3PrRDtbaeVnR60qm1XvMuHc0wP/DJd0NNax5Ff5KtNs7f7fd4GouYQZ0Euviki92gAfOoJbQudwoO0XQQqggb8lcz1XLDP9n1QMcx57cf/UtKR6XNT2lje///8Rn4EklauCWnWh94f5woo2KQAvBlaa7Iy0N3+59Lic/3+dK3XeXhYISczIRneif3qFn9dqaIDS666LTdot5aVFTpNHO0UG4t70QPdHyECqpMZJBsry3RBLOMNpgxt+lMy+aHvdOd6ocw1pAH6EaeQTm2TLb0ogMtRgW2jNPlVUmt/5D0dpA+LHOVHAMqKEw/uCVeGz/bRAZzJD3HKqEvyl0igNNhFYf9fsFUIikFp95yrnki3wzU0hHVWnBuxlO2VM2E9mzuY3GJkz3/xDSNxdoQrcfbN/dpvBeRqEuSx//RvKcnwESnqyBa8FoTzIlJdMAPHU= root@localhost.localdomain\nfinal_message: \"The system is finally up, after $UPTIME seconds\"\n"
          },
          "sensitive_attributes": [],
          "private": "bnVsbA==",
          "dependencies": [
            "data.template_file.network_config",
            "data.template_file.user_data"
          ]
        },
        {
          "index_key": "master02",
          "schema_version": 0,
          "attributes": {
            "id": "/var/lib/libvirt/images/pool/commoninit-master02;aee6bb1b-f3da-4c08-bcf7-956e434c93db",
            "meta_data": "",
            "name": "commoninit-master02",
            "network_config": "version: 2\nethernets:\n  eth0:\n     dhcp4: false\n     # default libvirt network\n     addresses: [ 192.168.30.81/24 ]\n     gateway4: 192.168.30.1\n     nameservers:\n       addresses: [ 192.168.30.17,8.8.8.8 ]\n",
            "pool": "pool01",
            "user_data": "#cloud-config\n#https://cloudinit.readthedocs.io/en/latest/topics/examples.html\nhostname: master02\nfqdn: master02-k8s.svtech.com\nbootcmd:\n  - echo 192.168.30.180 master01-k8s  \u003e\u003e /etc/hosts\n  - echo 192.168.30.181 master02-k8s  \u003e\u003e /etc/hosts\n  - echo 192.168.30.182 master03-k8s  \u003e\u003e /etc/hosts\n  - echo 192.168.30.183 worker01-k8s  \u003e\u003e /etc/hosts\n  - echo 192.168.30.184 worker02-k8s  \u003e\u003e /etc/hosts\n  - echo 192.168.30.185 worker03-k8s  \u003e\u003e /etc/hosts\nruncmd:\n - [ sh, -xc, \"echo $(date) ': hello world!'\" ]\nssh_pwauth: true\ndisable_root: false\nchpasswd:\n  list: |\n     root:admin123\n  expire: false\nusers:\n  - name: cloud\n    sudo: ALL=(ALL) NOPASSWD:ALL\n    groups: users, admin\n    home: /home/cloud\n    shell: /bin/bash\n    lock_passwd: false\n    ssh-authorized-keys:\n      - ssh-rsa AAAAB3NzaC1yc2EAAAADAQABAAABgQDbFRpR97+QFh+Qdh/ulfiOGh6dYvthkaU/wrGXkgPFtF2FJADJg7APiBN3VtP4SY2f3PrRDtbaeVnR60qm1XvMuHc0wP/DJd0NNax5Ff5KtNs7f7fd4GouYQZ0Euviki92gAfOoJbQudwoO0XQQqggb8lcz1XLDP9n1QMcx57cf/UtKR6XNT2lje///8Rn4EklauCWnWh94f5woo2KQAvBlaa7Iy0N3+59Lic/3+dK3XeXhYISczIRneif3qFn9dqaIDS666LTdot5aVFTpNHO0UG4t70QPdHyECqpMZJBsry3RBLOMNpgxt+lMy+aHvdOd6ocw1pAH6EaeQTm2TLb0ogMtRgW2jNPlVUmt/5D0dpA+LHOVHAMqKEw/uCVeGz/bRAZzJD3HKqEvyl0igNNhFYf9fsFUIikFp95yrnki3wzU0hHVWnBuxlO2VM2E9mzuY3GJkz3/xDSNxdoQrcfbN/dpvBeRqEuSx//RvKcnwESnqyBa8FoTzIlJdMAPHU= root@localhost.localdomain\nfinal_message: \"The system is finally up, after $UPTIME seconds\"\n"
          },
          "sensitive_attributes": [],
          "private": "bnVsbA==",
          "dependencies": [
            "data.template_file.network_config",
            "data.template_file.user_data"
          ]
        },
        {
          "index_key": "master03",
          "schema_version": 0,
          "attributes": {
            "id": "/var/lib/libvirt/images/pool/commoninit-master03;78b58ca8-0f4e-4d61-a1a4-19a5eb3289b6",
            "meta_data": "",
            "name": "commoninit-master03",
            "network_config": "version: 2\nethernets:\n  eth0:\n     dhcp4: false\n     # default libvirt network\n     addresses: [ 192.168.30.82/24 ]\n     gateway4: 192.168.30.1\n     nameservers:\n       addresses: [ 192.168.30.17,8.8.8.8 ]\n",
            "pool": "pool01",
            "user_data": "#cloud-config\n#https://cloudinit.readthedocs.io/en/latest/topics/examples.html\nhostname: master03-k8s\nfqdn: master03-k8s.svtech.com\nbootcmd:\n  - echo 192.168.30.180 master01-k8s  \u003e\u003e /etc/hosts\n  - echo 192.168.30.181 master02-k8s  \u003e\u003e /etc/hosts\n  - echo 192.168.30.182 master03-k8s  \u003e\u003e /etc/hosts\n  - echo 192.168.30.183 worker01-k8s  \u003e\u003e /etc/hosts\n  - echo 192.168.30.184 worker02-k8s  \u003e\u003e /etc/hosts\n  - echo 192.168.30.185 worker03-k8s  \u003e\u003e /etc/hosts\nruncmd:\n - [ sh, -xc, \"echo $(date) ': hello world!'\" ]\nssh_pwauth: true\ndisable_root: false\nchpasswd:\n  list: |\n     root:admin123\n  expire: false\nusers:\n  - name: cloud\n    sudo: ALL=(ALL) NOPASSWD:ALL\n    groups: users, admin\n    home: /home/cloud\n    shell: /bin/bash\n    lock_passwd: false\n    ssh-authorized-keys:\n      - ssh-rsa AAAAB3NzaC1yc2EAAAADAQABAAABgQDbFRpR97+QFh+Qdh/ulfiOGh6dYvthkaU/wrGXkgPFtF2FJADJg7APiBN3VtP4SY2f3PrRDtbaeVnR60qm1XvMuHc0wP/DJd0NNax5Ff5KtNs7f7fd4GouYQZ0Euviki92gAfOoJbQudwoO0XQQqggb8lcz1XLDP9n1QMcx57cf/UtKR6XNT2lje///8Rn4EklauCWnWh94f5woo2KQAvBlaa7Iy0N3+59Lic/3+dK3XeXhYISczIRneif3qFn9dqaIDS666LTdot5aVFTpNHO0UG4t70QPdHyECqpMZJBsry3RBLOMNpgxt+lMy+aHvdOd6ocw1pAH6EaeQTm2TLb0ogMtRgW2jNPlVUmt/5D0dpA+LHOVHAMqKEw/uCVeGz/bRAZzJD3HKqEvyl0igNNhFYf9fsFUIikFp95yrnki3wzU0hHVWnBuxlO2VM2E9mzuY3GJkz3/xDSNxdoQrcfbN/dpvBeRqEuSx//RvKcnwESnqyBa8FoTzIlJdMAPHU= root@localhost.localdomain\nfinal_message: \"The system is finally up, after $UPTIME seconds\"\n"
          },
          "sensitive_attributes": [],
          "private": "bnVsbA==",
          "dependencies": [
            "data.template_file.network_config",
            "data.template_file.user_data"
          ]
        }
      ]
    },
    {
      "mode": "managed",
      "type": "libvirt_cloudinit_disk",
      "name": "worker_commoninit",
      "provider": "provider[\"registry.terraform.io/dmacvicar/libvirt\"]",
      "instances": [
        {
          "index_key": "worker01",
          "schema_version": 0,
          "attributes": {
            "id": "/var/lib/libvirt/images/pool/commoninit-worker01;bd25c854-f793-4bc7-a778-c60c6ff49aa5",
            "meta_data": "",
            "name": "commoninit-worker01",
            "network_config": "version: 2\nethernets:\n  eth0:\n     dhcp4: false\n     # default libvirt network\n     addresses: [ 192.168.30.83/24 ]\n     gateway4: 192.168.30.1\n     nameservers:\n       addresses: [ 192.168.30.17,8.8.8.8 ]\n",
            "pool": "pool01",
            "user_data": "#cloud-config\n#https://cloudinit.readthedocs.io/en/latest/topics/examples.html\nhostname: worker01-k8s\nfqdn: worker01-k8s.svtech.com\nbootcmd:\n  - echo 192.168.30.180 master01-k8s  \u003e\u003e /etc/hosts\n  - echo 192.168.30.181 master02-k8s  \u003e\u003e /etc/hosts\n  - echo 192.168.30.182 master03-k8s  \u003e\u003e /etc/hosts\n  - echo 192.168.30.183 worker01-k8s  \u003e\u003e /etc/hosts\n  - echo 192.168.30.184 worker02-k8s  \u003e\u003e /etc/hosts\n  - echo 192.168.30.185 worker03-k8s  \u003e\u003e /etc/hosts\nruncmd:\n - [ sh, -xc, \"echo $(date) ': hello world!'\" ]\nssh_pwauth: true\ndisable_root: false\nchpasswd:\n  list: |\n     root:admin123\n  expire: false\nusers:\n  - name: cloud\n    sudo: ALL=(ALL) NOPASSWD:ALL\n    groups: users, admin\n    home: /home/cloud\n    shell: /bin/bash\n    lock_passwd: false\n    ssh-authorized-keys:\n      - ssh-rsa AAAAB3NzaC1yc2EAAAADAQABAAABgQDbFRpR97+QFh+Qdh/ulfiOGh6dYvthkaU/wrGXkgPFtF2FJADJg7APiBN3VtP4SY2f3PrRDtbaeVnR60qm1XvMuHc0wP/DJd0NNax5Ff5KtNs7f7fd4GouYQZ0Euviki92gAfOoJbQudwoO0XQQqggb8lcz1XLDP9n1QMcx57cf/UtKR6XNT2lje///8Rn4EklauCWnWh94f5woo2KQAvBlaa7Iy0N3+59Lic/3+dK3XeXhYISczIRneif3qFn9dqaIDS666LTdot5aVFTpNHO0UG4t70QPdHyECqpMZJBsry3RBLOMNpgxt+lMy+aHvdOd6ocw1pAH6EaeQTm2TLb0ogMtRgW2jNPlVUmt/5D0dpA+LHOVHAMqKEw/uCVeGz/bRAZzJD3HKqEvyl0igNNhFYf9fsFUIikFp95yrnki3wzU0hHVWnBuxlO2VM2E9mzuY3GJkz3/xDSNxdoQrcfbN/dpvBeRqEuSx//RvKcnwESnqyBa8FoTzIlJdMAPHU= root@localhost.localdomain\nfinal_message: \"The system is finally up, after $UPTIME seconds\"\n"
          },
          "sensitive_attributes": [],
          "private": "bnVsbA==",
          "dependencies": [
            "data.template_file.worker_network_config",
            "data.template_file.worker_user_data"
          ]
        },
        {
          "index_key": "worker02",
          "schema_version": 0,
          "attributes": {
            "id": "/var/lib/libvirt/images/pool/commoninit-worker02;f4b18599-9879-4a51-8903-d1a353e6a100",
            "meta_data": "",
            "name": "commoninit-worker02",
            "network_config": "version: 2\nethernets:\n  eth0:\n     dhcp4: false\n     # default libvirt network\n     addresses: [ 192.168.30.84/24 ]\n     gateway4: 192.168.30.1\n     nameservers:\n       addresses: [ 192.168.30.17,8.8.8.8 ]\n",
            "pool": "pool01",
            "user_data": "#cloud-config\n#https://cloudinit.readthedocs.io/en/latest/topics/examples.html\nhostname: worker02-k8s\nfqdn: worker02-k8s.svtech.com\nbootcmd:\n  - echo 192.168.30.180 master01-k8s  \u003e\u003e /etc/hosts\n  - echo 192.168.30.181 master02-k8s  \u003e\u003e /etc/hosts\n  - echo 192.168.30.182 master03-k8s  \u003e\u003e /etc/hosts\n  - echo 192.168.30.183 worker01-k8s  \u003e\u003e /etc/hosts\n  - echo 192.168.30.184 worker02-k8s  \u003e\u003e /etc/hosts\n  - echo 192.168.30.185 worker03-k8s  \u003e\u003e /etc/hosts\nruncmd:\n - [ sh, -xc, \"echo $(date) ': hello world!'\" ]\nssh_pwauth: true\ndisable_root: false\nchpasswd:\n  list: |\n     root:admin123\n  expire: false\nusers:\n  - name: cloud\n    sudo: ALL=(ALL) NOPASSWD:ALL\n    groups: users, admin\n    home: /home/cloud\n    shell: /bin/bash\n    lock_passwd: false\n    ssh-authorized-keys:\n      - ssh-rsa AAAAB3NzaC1yc2EAAAADAQABAAABgQDbFRpR97+QFh+Qdh/ulfiOGh6dYvthkaU/wrGXkgPFtF2FJADJg7APiBN3VtP4SY2f3PrRDtbaeVnR60qm1XvMuHc0wP/DJd0NNax5Ff5KtNs7f7fd4GouYQZ0Euviki92gAfOoJbQudwoO0XQQqggb8lcz1XLDP9n1QMcx57cf/UtKR6XNT2lje///8Rn4EklauCWnWh94f5woo2KQAvBlaa7Iy0N3+59Lic/3+dK3XeXhYISczIRneif3qFn9dqaIDS666LTdot5aVFTpNHO0UG4t70QPdHyECqpMZJBsry3RBLOMNpgxt+lMy+aHvdOd6ocw1pAH6EaeQTm2TLb0ogMtRgW2jNPlVUmt/5D0dpA+LHOVHAMqKEw/uCVeGz/bRAZzJD3HKqEvyl0igNNhFYf9fsFUIikFp95yrnki3wzU0hHVWnBuxlO2VM2E9mzuY3GJkz3/xDSNxdoQrcfbN/dpvBeRqEuSx//RvKcnwESnqyBa8FoTzIlJdMAPHU= root@localhost.localdomain\nfinal_message: \"The system is finally up, after $UPTIME seconds\"\n"
          },
          "sensitive_attributes": [],
          "private": "bnVsbA==",
          "dependencies": [
            "data.template_file.worker_network_config",
            "data.template_file.worker_user_data"
          ]
        },
        {
          "index_key": "worker03",
          "schema_version": 0,
          "attributes": {
            "id": "/var/lib/libvirt/images/pool/commoninit-worker03;7d67766d-590e-48dd-ac71-18fcc96cb7c9",
            "meta_data": "",
            "name": "commoninit-worker03",
            "network_config": "version: 2\nethernets:\n  eth0:\n     dhcp4: false\n     # default libvirt network\n     addresses: [ 192.168.30.85/24 ]\n     gateway4: 192.168.30.1\n     nameservers:\n       addresses: [ 192.168.30.17,8.8.8.8 ]\n",
            "pool": "pool01",
            "user_data": "#cloud-config\n#https://cloudinit.readthedocs.io/en/latest/topics/examples.html\nhostname: worker03-k8s\nfqdn: worker03-k8s.svtech.com\nbootcmd:\n  - echo 192.168.30.180 master01-k8s  \u003e\u003e /etc/hosts\n  - echo 192.168.30.181 master02-k8s  \u003e\u003e /etc/hosts\n  - echo 192.168.30.182 master03-k8s  \u003e\u003e /etc/hosts\n  - echo 192.168.30.183 worker01-k8s  \u003e\u003e /etc/hosts\n  - echo 192.168.30.184 worker02-k8s  \u003e\u003e /etc/hosts\n  - echo 192.168.30.185 worker03-k8s  \u003e\u003e /etc/hosts\nruncmd:\n - [ sh, -xc, \"echo $(date) ': hello world!'\" ]\nssh_pwauth: true\ndisable_root: false\nchpasswd:\n  list: |\n     root:admin123\n  expire: false\nusers:\n  - name: cloud\n    sudo: ALL=(ALL) NOPASSWD:ALL\n    groups: users, admin\n    home: /home/cloud\n    shell: /bin/bash\n    lock_passwd: false\n    ssh-authorized-keys:\n      - ssh-rsa AAAAB3NzaC1yc2EAAAADAQABAAABgQDbFRpR97+QFh+Qdh/ulfiOGh6dYvthkaU/wrGXkgPFtF2FJADJg7APiBN3VtP4SY2f3PrRDtbaeVnR60qm1XvMuHc0wP/DJd0NNax5Ff5KtNs7f7fd4GouYQZ0Euviki92gAfOoJbQudwoO0XQQqggb8lcz1XLDP9n1QMcx57cf/UtKR6XNT2lje///8Rn4EklauCWnWh94f5woo2KQAvBlaa7Iy0N3+59Lic/3+dK3XeXhYISczIRneif3qFn9dqaIDS666LTdot5aVFTpNHO0UG4t70QPdHyECqpMZJBsry3RBLOMNpgxt+lMy+aHvdOd6ocw1pAH6EaeQTm2TLb0ogMtRgW2jNPlVUmt/5D0dpA+LHOVHAMqKEw/uCVeGz/bRAZzJD3HKqEvyl0igNNhFYf9fsFUIikFp95yrnki3wzU0hHVWnBuxlO2VM2E9mzuY3GJkz3/xDSNxdoQrcfbN/dpvBeRqEuSx//RvKcnwESnqyBa8FoTzIlJdMAPHU= root@localhost.localdomain\nfinal_message: \"The system is finally up, after $UPTIME seconds\"\n"
          },
          "sensitive_attributes": [],
          "private": "bnVsbA==",
          "dependencies": [
            "data.template_file.worker_network_config",
            "data.template_file.worker_user_data"
          ]
        }
      ]
    },
    {
      "mode": "managed",
      "type": "libvirt_domain",
      "name": "centos-k8s",
      "provider": "provider[\"registry.terraform.io/dmacvicar/libvirt\"]",
      "instances": [
        {
          "schema_version": 0,
          "attributes": {
            "arch": "x86_64",
            "autostart": false,
            "boot_device": [
              {
                "dev": [
                  "hd",
                  "cdrom",
                  "network"
                ]
              }
            ],
            "cloudinit": null,
            "cmdline": null,
            "console": [
              {
                "source_host": "127.0.0.1",
                "source_path": "",
                "source_service": "0",
                "target_port": "0",
                "target_type": "serial",
                "type": "pty"
              },
              {
                "source_host": "127.0.0.1",
                "source_path": "",
                "source_service": "0",
                "target_port": "1",
                "target_type": "virtio",
                "type": "pty"
              }
            ],
            "coreos_ignition": null,
            "cpu": [
              {
                "mode": "custom"
              }
            ],
            "description": "",
            "disk": [
              {
                "block_device": "",
                "file": "",
                "scsi": false,
                "url": "",
                "volume_id": "/var/lib/libvirt/images/pool/centos-qcow2",
                "wwn": ""
              },
              {
                "block_device": "",
                "file": "/var/lib/libvirt/images/pool/CentOS-7-x86_64-DVD-1810.iso",
                "scsi": false,
                "url": "",
                "volume_id": "",
                "wwn": ""
              }
            ],
            "emulator": "/usr/libexec/qemu-kvm",
            "filesystem": [],
            "firmware": null,
            "fw_cfg_name": "opt/com.coreos/config",
            "graphics": [
              {
                "autoport": true,
                "listen_address": "0.0.0.0",
                "listen_type": "address",
                "type": "spice",
                "websocket": 0
              }
            ],
            "id": "db62ee64-064f-4309-831d-f3327c62e4d0",
            "initrd": "",
            "kernel": "",
            "machine": "pc",
            "memory": 8192,
            "metadata": null,
            "name": "centos",
            "network_interface": [
              {
                "addresses": [],
                "bridge": "br0",
                "hostname": "",
                "mac": "52:54:00:6A:8F:CA",
                "macvtap": "",
                "network_id": "",
                "network_name": "",
                "passthrough": "",
                "vepa": "",
                "wait_for_lease": false
              },
              {
                "addresses": [],
                "bridge": "br0",
                "hostname": "",
                "mac": "52:54:00:C2:3F:DE",
                "macvtap": "",
                "network_id": "",
                "network_name": "",
                "passthrough": "",
                "vepa": "",
                "wait_for_lease": false
              }
            ],
            "nvram": [],
            "qemu_agent": false,
            "running": true,
            "timeouts": null,
            "tpm": [],
            "type": "kvm",
            "vcpu": 8,
            "video": [],
            "xml": []
          },
          "sensitive_attributes": [],
          "private": "eyJlMmJmYjczMC1lY2FhLTExZTYtOGY4OC0zNDM2M2JjN2M0YzAiOnsiY3JlYXRlIjozMDAwMDAwMDAwMDB9fQ==",
          "dependencies": [
            "libvirt_volume.centos_volume"
          ]
        }
      ]
    },
    {
      "mode": "managed",
      "type": "libvirt_domain",
      "name": "master",
      "provider": "provider[\"registry.terraform.io/dmacvicar/libvirt\"]",
      "instances": [
        {
          "index_key": "master01",
          "schema_version": 0,
          "attributes": {
            "arch": "x86_64",
            "autostart": false,
            "boot_device": [],
            "cloudinit": "/var/lib/libvirt/images/pool/commoninit-master01;502e6d9c-457e-44ca-ba04-20e54169232f",
            "cmdline": null,
            "console": [
              {
                "source_host": "127.0.0.1",
                "source_path": "",
                "source_service": "0",
                "target_port": "0",
                "target_type": "serial",
                "type": "pty"
              },
              {
                "source_host": "127.0.0.1",
                "source_path": "",
                "source_service": "0",
                "target_port": "1",
                "target_type": "virtio",
                "type": "pty"
              }
            ],
            "coreos_ignition": null,
            "cpu": [
              {
                "mode": "custom"
              }
            ],
            "description": "",
            "disk": [
              {
                "block_device": "",
                "file": "",
                "scsi": false,
                "url": "",
                "volume_id": "/var/lib/libvirt/images/pool/master01-k8s",
                "wwn": ""
              }
            ],
            "emulator": "/usr/libexec/qemu-kvm",
            "filesystem": [],
            "firmware": null,
            "fw_cfg_name": "opt/com.coreos/config",
            "graphics": [
              {
                "autoport": true,
                "listen_address": "0.0.0.0",
                "listen_type": "address",
                "type": "spice",
                "websocket": 0
              }
            ],
            "id": "13e9b5de-a761-4b50-8052-7fb18e3d2047",
            "initrd": "",
            "kernel": "",
            "machine": "pc",
            "memory": 8192,
            "metadata": null,
            "name": "master01-k8s",
            "network_interface": [
              {
                "addresses": [],
                "bridge": "br0",
                "hostname": "",
                "mac": "52:54:00:FA:C1:BA",
                "macvtap": "",
                "network_id": "",
                "network_name": "",
                "passthrough": "",
                "vepa": "",
                "wait_for_lease": false
              }
            ],
            "nvram": [],
            "qemu_agent": false,
            "running": true,
            "timeouts": null,
            "tpm": [],
            "type": "kvm",
            "vcpu": 8,
            "video": [],
            "xml": []
          },
          "sensitive_attributes": [],
          "private": "eyJlMmJmYjczMC1lY2FhLTExZTYtOGY4OC0zNDM2M2JjN2M0YzAiOnsiY3JlYXRlIjozMDAwMDAwMDAwMDB9fQ==",
          "dependencies": [
            "data.template_file.network_config",
            "data.template_file.user_data",
            "libvirt_cloudinit_disk.commoninit",
            "libvirt_volume.base_image",
            "libvirt_volume.master_volume"
          ]
        },
        {
          "index_key": "master02",
          "schema_version": 0,
          "attributes": {
            "arch": "x86_64",
            "autostart": false,
            "boot_device": [],
            "cloudinit": "/var/lib/libvirt/images/pool/commoninit-master02;aee6bb1b-f3da-4c08-bcf7-956e434c93db",
            "cmdline": null,
            "console": [
              {
                "source_host": "127.0.0.1",
                "source_path": "",
                "source_service": "0",
                "target_port": "0",
                "target_type": "serial",
                "type": "pty"
              },
              {
                "source_host": "127.0.0.1",
                "source_path": "",
                "source_service": "0",
                "target_port": "1",
                "target_type": "virtio",
                "type": "pty"
              }
            ],
            "coreos_ignition": null,
            "cpu": [
              {
                "mode": "custom"
              }
            ],
            "description": "",
            "disk": [
              {
                "block_device": "",
                "file": "",
                "scsi": false,
                "url": "",
                "volume_id": "/var/lib/libvirt/images/pool/master02-k8s",
                "wwn": ""
              }
            ],
            "emulator": "/usr/libexec/qemu-kvm",
            "filesystem": [],
            "firmware": null,
            "fw_cfg_name": "opt/com.coreos/config",
            "graphics": [
              {
                "autoport": true,
                "listen_address": "0.0.0.0",
                "listen_type": "address",
                "type": "spice",
                "websocket": 0
              }
            ],
            "id": "20320175-ea30-4e52-aadb-40ee02f74f30",
            "initrd": "",
            "kernel": "",
            "machine": "pc",
            "memory": 8192,
            "metadata": null,
            "name": "master02-k8s",
            "network_interface": [
              {
                "addresses": [],
                "bridge": "br0",
                "hostname": "",
                "mac": "52:54:00:2E:C7:6B",
                "macvtap": "",
                "network_id": "",
                "network_name": "",
                "passthrough": "",
                "vepa": "",
                "wait_for_lease": false
              }
            ],
            "nvram": [],
            "qemu_agent": false,
            "running": true,
            "timeouts": null,
            "tpm": [],
            "type": "kvm",
            "vcpu": 8,
            "video": [],
            "xml": []
          },
          "sensitive_attributes": [],
          "private": "eyJlMmJmYjczMC1lY2FhLTExZTYtOGY4OC0zNDM2M2JjN2M0YzAiOnsiY3JlYXRlIjozMDAwMDAwMDAwMDB9fQ==",
          "dependencies": [
            "data.template_file.network_config",
            "data.template_file.user_data",
            "libvirt_cloudinit_disk.commoninit",
            "libvirt_volume.base_image",
            "libvirt_volume.master_volume"
          ]
        },
        {
          "index_key": "master03",
          "schema_version": 0,
          "attributes": {
            "arch": "x86_64",
            "autostart": false,
            "boot_device": [],
            "cloudinit": "/var/lib/libvirt/images/pool/commoninit-master03;78b58ca8-0f4e-4d61-a1a4-19a5eb3289b6",
            "cmdline": null,
            "console": [
              {
                "source_host": "127.0.0.1",
                "source_path": "",
                "source_service": "0",
                "target_port": "0",
                "target_type": "serial",
                "type": "pty"
              },
              {
                "source_host": "127.0.0.1",
                "source_path": "",
                "source_service": "0",
                "target_port": "1",
                "target_type": "virtio",
                "type": "pty"
              }
            ],
            "coreos_ignition": null,
            "cpu": [
              {
                "mode": "custom"
              }
            ],
            "description": "",
            "disk": [
              {
                "block_device": "",
                "file": "",
                "scsi": false,
                "url": "",
                "volume_id": "/var/lib/libvirt/images/pool/master03-k8s",
                "wwn": ""
              }
            ],
            "emulator": "/usr/libexec/qemu-kvm",
            "filesystem": [],
            "firmware": null,
            "fw_cfg_name": "opt/com.coreos/config",
            "graphics": [
              {
                "autoport": true,
                "listen_address": "0.0.0.0",
                "listen_type": "address",
                "type": "spice",
                "websocket": 0
              }
            ],
            "id": "058547cf-8bb0-484c-95a4-f83ed7a02186",
            "initrd": "",
            "kernel": "",
            "machine": "pc",
            "memory": 8192,
            "metadata": null,
            "name": "master03-k8s",
            "network_interface": [
              {
                "addresses": [],
                "bridge": "br0",
                "hostname": "",
                "mac": "52:54:00:BA:F9:FC",
                "macvtap": "",
                "network_id": "",
                "network_name": "",
                "passthrough": "",
                "vepa": "",
                "wait_for_lease": false
              }
            ],
            "nvram": [],
            "qemu_agent": false,
            "running": true,
            "timeouts": null,
            "tpm": [],
            "type": "kvm",
            "vcpu": 8,
            "video": [],
            "xml": []
          },
          "sensitive_attributes": [],
          "private": "eyJlMmJmYjczMC1lY2FhLTExZTYtOGY4OC0zNDM2M2JjN2M0YzAiOnsiY3JlYXRlIjozMDAwMDAwMDAwMDB9fQ==",
          "dependencies": [
            "data.template_file.network_config",
            "data.template_file.user_data",
            "libvirt_cloudinit_disk.commoninit",
            "libvirt_volume.base_image",
            "libvirt_volume.master_volume"
          ]
        }
      ]
    },
    {
      "mode": "managed",
      "type": "libvirt_domain",
      "name": "worker",
      "provider": "provider[\"registry.terraform.io/dmacvicar/libvirt\"]",
      "instances": [
        {
          "index_key": "worker01",
          "schema_version": 0,
          "attributes": {
            "arch": "x86_64",
            "autostart": false,
            "boot_device": [],
            "cloudinit": "/var/lib/libvirt/images/pool/commoninit-worker01;bd25c854-f793-4bc7-a778-c60c6ff49aa5",
            "cmdline": null,
            "console": [
              {
                "source_host": "127.0.0.1",
                "source_path": "",
                "source_service": "0",
                "target_port": "0",
                "target_type": "serial",
                "type": "pty"
              },
              {
                "source_host": "127.0.0.1",
                "source_path": "",
                "source_service": "0",
                "target_port": "1",
                "target_type": "virtio",
                "type": "pty"
              }
            ],
            "coreos_ignition": null,
            "cpu": [
              {
                "mode": "custom"
              }
            ],
            "description": "",
            "disk": [
              {
                "block_device": "",
                "file": "",
                "scsi": false,
                "url": "",
                "volume_id": "/var/lib/libvirt/images/pool/worker01-k8s",
                "wwn": ""
              },
              {
                "block_device": "",
                "file": "",
                "scsi": false,
                "url": "",
                "volume_id": "/var/lib/libvirt/images/pool/worker01-ceph01-qcow2",
                "wwn": ""
              },
              {
                "block_device": "",
                "file": "",
                "scsi": false,
                "url": "",
                "volume_id": "/var/lib/libvirt/images/pool/worker01-ceph02-qcow2",
                "wwn": ""
              }
            ],
            "emulator": "/usr/libexec/qemu-kvm",
            "filesystem": [],
            "firmware": null,
            "fw_cfg_name": "opt/com.coreos/config",
            "graphics": [
              {
                "autoport": true,
                "listen_address": "0.0.0.0",
                "listen_type": "address",
                "type": "spice",
                "websocket": 0
              }
            ],
            "id": "ae2cd8ac-07cf-471c-991a-a6c2518aecde",
            "initrd": "",
            "kernel": "",
            "machine": "pc",
            "memory": 8192,
            "metadata": null,
            "name": "worker01-k8s",
            "network_interface": [
              {
                "addresses": [],
                "bridge": "br0",
                "hostname": "",
                "mac": "52:54:00:AA:1B:E6",
                "macvtap": "",
                "network_id": "",
                "network_name": "",
                "passthrough": "",
                "vepa": "",
                "wait_for_lease": false
              }
            ],
            "nvram": [],
            "qemu_agent": false,
            "running": true,
            "timeouts": null,
            "tpm": [],
            "type": "kvm",
            "vcpu": 8,
            "video": [],
            "xml": []
          },
          "sensitive_attributes": [],
          "private": "eyJlMmJmYjczMC1lY2FhLTExZTYtOGY4OC0zNDM2M2JjN2M0YzAiOnsiY3JlYXRlIjozMDAwMDAwMDAwMDB9fQ==",
          "dependencies": [
            "data.template_file.worker_network_config",
            "data.template_file.worker_user_data",
            "libvirt_cloudinit_disk.worker_commoninit",
            "libvirt_volume.ceph_volume_1",
            "libvirt_volume.ceph_volume_2",
            "libvirt_volume.worker_base_image",
            "libvirt_volume.worker_volume"
          ]
        },
        {
          "index_key": "worker02",
          "schema_version": 0,
          "attributes": {
            "arch": "x86_64",
            "autostart": false,
            "boot_device": [],
            "cloudinit": "/var/lib/libvirt/images/pool/commoninit-worker02;f4b18599-9879-4a51-8903-d1a353e6a100",
            "cmdline": null,
            "console": [
              {
                "source_host": "127.0.0.1",
                "source_path": "",
                "source_service": "0",
                "target_port": "0",
                "target_type": "serial",
                "type": "pty"
              },
              {
                "source_host": "127.0.0.1",
                "source_path": "",
                "source_service": "0",
                "target_port": "1",
                "target_type": "virtio",
                "type": "pty"
              }
            ],
            "coreos_ignition": null,
            "cpu": [
              {
                "mode": "custom"
              }
            ],
            "description": "",
            "disk": [
              {
                "block_device": "",
                "file": "",
                "scsi": false,
                "url": "",
                "volume_id": "/var/lib/libvirt/images/pool/worker02-k8s",
                "wwn": ""
              },
              {
                "block_device": "",
                "file": "",
                "scsi": false,
                "url": "",
                "volume_id": "/var/lib/libvirt/images/pool/worker02-ceph01-qcow2",
                "wwn": ""
              },
              {
                "block_device": "",
                "file": "",
                "scsi": false,
                "url": "",
                "volume_id": "/var/lib/libvirt/images/pool/worker02-ceph02-qcow2",
                "wwn": ""
              }
            ],
            "emulator": "/usr/libexec/qemu-kvm",
            "filesystem": [],
            "firmware": null,
            "fw_cfg_name": "opt/com.coreos/config",
            "graphics": [
              {
                "autoport": true,
                "listen_address": "0.0.0.0",
                "listen_type": "address",
                "type": "spice",
                "websocket": 0
              }
            ],
            "id": "afebc71b-3613-411a-9850-e43dc3d55ff5",
            "initrd": "",
            "kernel": "",
            "machine": "pc",
            "memory": 8192,
            "metadata": null,
            "name": "worker02-k8s",
            "network_interface": [
              {
                "addresses": [],
                "bridge": "br0",
                "hostname": "",
                "mac": "52:54:00:EA:F6:6C",
                "macvtap": "",
                "network_id": "",
                "network_name": "",
                "passthrough": "",
                "vepa": "",
                "wait_for_lease": false
              }
            ],
            "nvram": [],
            "qemu_agent": false,
            "running": true,
            "timeouts": null,
            "tpm": [],
            "type": "kvm",
            "vcpu": 8,
            "video": [],
            "xml": []
          },
          "sensitive_attributes": [],
          "private": "eyJlMmJmYjczMC1lY2FhLTExZTYtOGY4OC0zNDM2M2JjN2M0YzAiOnsiY3JlYXRlIjozMDAwMDAwMDAwMDB9fQ==",
          "dependencies": [
            "data.template_file.worker_network_config",
            "data.template_file.worker_user_data",
            "libvirt_cloudinit_disk.worker_commoninit",
            "libvirt_volume.ceph_volume_1",
            "libvirt_volume.ceph_volume_2",
            "libvirt_volume.worker_base_image",
            "libvirt_volume.worker_volume"
          ]
        },
        {
          "index_key": "worker03",
          "schema_version": 0,
          "attributes": {
            "arch": "x86_64",
            "autostart": false,
            "boot_device": [],
            "cloudinit": "/var/lib/libvirt/images/pool/commoninit-worker03;7d67766d-590e-48dd-ac71-18fcc96cb7c9",
            "cmdline": null,
            "console": [
              {
                "source_host": "127.0.0.1",
                "source_path": "",
                "source_service": "0",
                "target_port": "0",
                "target_type": "serial",
                "type": "pty"
              },
              {
                "source_host": "127.0.0.1",
                "source_path": "",
                "source_service": "0",
                "target_port": "1",
                "target_type": "virtio",
                "type": "pty"
              }
            ],
            "coreos_ignition": null,
            "cpu": [
              {
                "mode": "custom"
              }
            ],
            "description": "",
            "disk": [
              {
                "block_device": "",
                "file": "",
                "scsi": false,
                "url": "",
                "volume_id": "/var/lib/libvirt/images/pool/worker03-k8s",
                "wwn": ""
              },
              {
                "block_device": "",
                "file": "",
                "scsi": false,
                "url": "",
                "volume_id": "/var/lib/libvirt/images/pool/worker03-ceph01-qcow2",
                "wwn": ""
              },
              {
                "block_device": "",
                "file": "",
                "scsi": false,
                "url": "",
                "volume_id": "/var/lib/libvirt/images/pool/worker03-ceph02-qcow2",
                "wwn": ""
              }
            ],
            "emulator": "/usr/libexec/qemu-kvm",
            "filesystem": [],
            "firmware": null,
            "fw_cfg_name": "opt/com.coreos/config",
            "graphics": [
              {
                "autoport": true,
                "listen_address": "0.0.0.0",
                "listen_type": "address",
                "type": "spice",
                "websocket": 0
              }
            ],
            "id": "7ad408e7-da21-4621-9e45-f389984b6896",
            "initrd": "",
            "kernel": "",
            "machine": "pc",
            "memory": 8192,
            "metadata": null,
            "name": "worker03-k8s",
            "network_interface": [
              {
                "addresses": [],
                "bridge": "br0",
                "hostname": "",
                "mac": "52:54:00:B2:59:91",
                "macvtap": "",
                "network_id": "",
                "network_name": "",
                "passthrough": "",
                "vepa": "",
                "wait_for_lease": false
              }
            ],
            "nvram": [],
            "qemu_agent": false,
            "running": true,
            "timeouts": null,
            "tpm": [],
            "type": "kvm",
            "vcpu": 8,
            "video": [],
            "xml": []
          },
          "sensitive_attributes": [],
          "private": "eyJlMmJmYjczMC1lY2FhLTExZTYtOGY4OC0zNDM2M2JjN2M0YzAiOnsiY3JlYXRlIjozMDAwMDAwMDAwMDB9fQ==",
          "dependencies": [
            "data.template_file.worker_network_config",
            "data.template_file.worker_user_data",
            "libvirt_cloudinit_disk.worker_commoninit",
            "libvirt_volume.ceph_volume_1",
            "libvirt_volume.ceph_volume_2",
            "libvirt_volume.worker_base_image",
            "libvirt_volume.worker_volume"
          ]
        }
      ]
    },
    {
      "mode": "managed",
      "type": "libvirt_volume",
      "name": "base_image",
      "provider": "provider[\"registry.terraform.io/dmacvicar/libvirt\"]",
      "instances": [
        {
          "index_key": "master01",
          "schema_version": 0,
          "attributes": {
            "base_volume_id": null,
            "base_volume_name": null,
            "base_volume_pool": null,
            "format": "qcow2",
            "id": "/var/lib/libvirt/images/master01-k8s-baseimage",
            "name": "master01-k8s-baseimage",
            "pool": "default",
            "size": 107374182400,
            "source": "/var/lib/libvirt/images/pool/CentOS-7-Cloud.qcow2",
            "xml": []
          },
          "sensitive_attributes": [],
          "private": "bnVsbA=="
        },
        {
          "index_key": "master02",
          "schema_version": 0,
          "attributes": {
            "base_volume_id": null,
            "base_volume_name": null,
            "base_volume_pool": null,
            "format": "qcow2",
            "id": "/var/lib/libvirt/images/master02-k8s-baseimage",
            "name": "master02-k8s-baseimage",
            "pool": "default",
            "size": 107374182400,
            "source": "/var/lib/libvirt/images/pool/CentOS-7-Cloud.qcow2",
            "xml": []
          },
          "sensitive_attributes": [],
          "private": "bnVsbA=="
        },
        {
          "index_key": "master03",
          "schema_version": 0,
          "attributes": {
            "base_volume_id": null,
            "base_volume_name": null,
            "base_volume_pool": null,
            "format": "qcow2",
            "id": "/var/lib/libvirt/images/master03-k8s-baseimage",
            "name": "master03-k8s-baseimage",
            "pool": "default",
            "size": 107374182400,
            "source": "/var/lib/libvirt/images/pool/CentOS-7-Cloud.qcow2",
            "xml": []
          },
          "sensitive_attributes": [],
          "private": "bnVsbA=="
        }
      ]
    },
    {
      "mode": "managed",
      "type": "libvirt_volume",
      "name": "centos_volume",
      "provider": "provider[\"registry.terraform.io/dmacvicar/libvirt\"]",
      "instances": [
        {
          "schema_version": 0,
          "attributes": {
            "base_volume_id": null,
            "base_volume_name": null,
            "base_volume_pool": null,
            "format": "qcow2",
            "id": "/var/lib/libvirt/images/pool/centos-qcow2",
            "name": "centos-qcow2",
            "pool": "pool01",
            "size": 107374182400,
            "source": null,
            "xml": []
          },
          "sensitive_attributes": [],
          "private": "bnVsbA=="
        }
      ]
    },
    {
      "mode": "managed",
      "type": "libvirt_volume",
      "name": "ceph_volume_1",
      "provider": "provider[\"registry.terraform.io/dmacvicar/libvirt\"]",
      "instances": [
        {
          "index_key": "worker01",
          "schema_version": 0,
          "attributes": {
            "base_volume_id": null,
            "base_volume_name": null,
            "base_volume_pool": null,
            "format": "qcow2",
            "id": "/var/lib/libvirt/images/pool/worker01-ceph01-qcow2",
            "name": "worker01-ceph01-qcow2",
            "pool": "pool01",
            "size": 1024,
            "source": null,
            "xml": []
          },
          "sensitive_attributes": [],
          "private": "bnVsbA=="
        },
        {
          "index_key": "worker02",
          "schema_version": 0,
          "attributes": {
            "base_volume_id": null,
            "base_volume_name": null,
            "base_volume_pool": null,
            "format": "qcow2",
            "id": "/var/lib/libvirt/images/pool/worker02-ceph01-qcow2",
            "name": "worker02-ceph01-qcow2",
            "pool": "pool01",
            "size": 1024,
            "source": null,
            "xml": []
          },
          "sensitive_attributes": [],
          "private": "bnVsbA=="
        },
        {
          "index_key": "worker03",
          "schema_version": 0,
          "attributes": {
            "base_volume_id": null,
            "base_volume_name": null,
            "base_volume_pool": null,
            "format": "qcow2",
            "id": "/var/lib/libvirt/images/pool/worker03-ceph01-qcow2",
            "name": "worker03-ceph01-qcow2",
            "pool": "pool01",
            "size": 1024,
            "source": null,
            "xml": []
          },
          "sensitive_attributes": [],
          "private": "bnVsbA=="
        }
      ]
    },
    {
      "mode": "managed",
      "type": "libvirt_volume",
      "name": "ceph_volume_2",
      "provider": "provider[\"registry.terraform.io/dmacvicar/libvirt\"]",
      "instances": [
        {
          "index_key": "worker01",
          "schema_version": 0,
          "attributes": {
            "base_volume_id": null,
            "base_volume_name": null,
            "base_volume_pool": null,
            "format": "qcow2",
            "id": "/var/lib/libvirt/images/pool/worker01-ceph02-qcow2",
            "name": "worker01-ceph02-qcow2",
            "pool": "pool01",
            "size": 1024,
            "source": null,
            "xml": []
          },
          "sensitive_attributes": [],
          "private": "bnVsbA=="
        },
        {
          "index_key": "worker02",
          "schema_version": 0,
          "attributes": {
            "base_volume_id": null,
            "base_volume_name": null,
            "base_volume_pool": null,
            "format": "qcow2",
            "id": "/var/lib/libvirt/images/pool/worker02-ceph02-qcow2",
            "name": "worker02-ceph02-qcow2",
            "pool": "pool01",
            "size": 1024,
            "source": null,
            "xml": []
          },
          "sensitive_attributes": [],
          "private": "bnVsbA=="
        },
        {
          "index_key": "worker03",
          "schema_version": 0,
          "attributes": {
            "base_volume_id": null,
            "base_volume_name": null,
            "base_volume_pool": null,
            "format": "qcow2",
            "id": "/var/lib/libvirt/images/pool/worker03-ceph02-qcow2",
            "name": "worker03-ceph02-qcow2",
            "pool": "pool01",
            "size": 1024,
            "source": null,
            "xml": []
          },
          "sensitive_attributes": [],
          "private": "bnVsbA=="
        }
      ]
    },
    {
      "mode": "managed",
      "type": "libvirt_volume",
      "name": "master_volume",
      "provider": "provider[\"registry.terraform.io/dmacvicar/libvirt\"]",
      "instances": [
        {
          "index_key": "master01",
          "schema_version": 0,
          "attributes": {
            "base_volume_id": "/var/lib/libvirt/images/master01-k8s-baseimage",
            "base_volume_name": null,
            "base_volume_pool": null,
            "format": "qcow2",
            "id": "/var/lib/libvirt/images/pool/master01-k8s",
            "name": "master01-k8s",
            "pool": "pool01",
            "size": 107374182400,
            "source": null,
            "xml": []
          },
          "sensitive_attributes": [],
          "private": "bnVsbA==",
          "dependencies": [
            "libvirt_volume.base_image"
          ]
        },
        {
          "index_key": "master02",
          "schema_version": 0,
          "attributes": {
            "base_volume_id": "/var/lib/libvirt/images/master02-k8s-baseimage",
            "base_volume_name": null,
            "base_volume_pool": null,
            "format": "qcow2",
            "id": "/var/lib/libvirt/images/pool/master02-k8s",
            "name": "master02-k8s",
            "pool": "pool01",
            "size": 107374182400,
            "source": null,
            "xml": []
          },
          "sensitive_attributes": [],
          "private": "bnVsbA==",
          "dependencies": [
            "libvirt_volume.base_image"
          ]
        },
        {
          "index_key": "master03",
          "schema_version": 0,
          "attributes": {
            "base_volume_id": "/var/lib/libvirt/images/master03-k8s-baseimage",
            "base_volume_name": null,
            "base_volume_pool": null,
            "format": "qcow2",
            "id": "/var/lib/libvirt/images/pool/master03-k8s",
            "name": "master03-k8s",
            "pool": "pool01",
            "size": 107374182400,
            "source": null,
            "xml": []
          },
          "sensitive_attributes": [],
          "private": "bnVsbA==",
          "dependencies": [
            "libvirt_volume.base_image"
          ]
        }
      ]
    },
    {
      "mode": "managed",
      "type": "libvirt_volume",
      "name": "worker_base_image",
      "provider": "provider[\"registry.terraform.io/dmacvicar/libvirt\"]",
      "instances": [
        {
          "index_key": "worker01",
          "schema_version": 0,
          "attributes": {
            "base_volume_id": null,
            "base_volume_name": null,
            "base_volume_pool": null,
            "format": "qcow2",
            "id": "/var/lib/libvirt/images/worker01-k8s-baseimage",
            "name": "worker01-k8s-baseimage",
            "pool": "default",
            "size": 107374182400,
            "source": "/var/lib/libvirt/images/pool/CentOS-7-Cloud.qcow2",
            "xml": []
          },
          "sensitive_attributes": [],
          "private": "bnVsbA=="
        },
        {
          "index_key": "worker02",
          "schema_version": 0,
          "attributes": {
            "base_volume_id": null,
            "base_volume_name": null,
            "base_volume_pool": null,
            "format": "qcow2",
            "id": "/var/lib/libvirt/images/worker02-k8s-baseimage",
            "name": "worker02-k8s-baseimage",
            "pool": "default",
            "size": 107374182400,
            "source": "/var/lib/libvirt/images/pool/CentOS-7-Cloud.qcow2",
            "xml": []
          },
          "sensitive_attributes": [],
          "private": "bnVsbA=="
        },
        {
          "index_key": "worker03",
          "schema_version": 0,
          "attributes": {
            "base_volume_id": null,
            "base_volume_name": null,
            "base_volume_pool": null,
            "format": "qcow2",
            "id": "/var/lib/libvirt/images/worker03-k8s-baseimage",
            "name": "worker03-k8s-baseimage",
            "pool": "default",
            "size": 107374182400,
            "source": "/var/lib/libvirt/images/pool/CentOS-7-Cloud.qcow2",
            "xml": []
          },
          "sensitive_attributes": [],
          "private": "bnVsbA=="
        }
      ]
    },
    {
      "mode": "managed",
      "type": "libvirt_volume",
      "name": "worker_volume",
      "provider": "provider[\"registry.terraform.io/dmacvicar/libvirt\"]",
      "instances": [
        {
          "index_key": "worker01",
          "schema_version": 0,
          "attributes": {
            "base_volume_id": "/var/lib/libvirt/images/worker01-k8s-baseimage",
            "base_volume_name": null,
            "base_volume_pool": null,
            "format": "qcow2",
            "id": "/var/lib/libvirt/images/pool/worker01-k8s",
            "name": "worker01-k8s",
            "pool": "pool01",
            "size": 107374182400,
            "source": null,
            "xml": []
          },
          "sensitive_attributes": [],
          "private": "bnVsbA==",
          "dependencies": [
            "libvirt_volume.worker_base_image"
          ]
        },
        {
          "index_key": "worker02",
          "schema_version": 0,
          "attributes": {
            "base_volume_id": "/var/lib/libvirt/images/worker02-k8s-baseimage",
            "base_volume_name": null,
            "base_volume_pool": null,
            "format": "qcow2",
            "id": "/var/lib/libvirt/images/pool/worker02-k8s",
            "name": "worker02-k8s",
            "pool": "pool01",
            "size": 107374182400,
            "source": null,
            "xml": []
          },
          "sensitive_attributes": [],
          "private": "bnVsbA==",
          "dependencies": [
            "libvirt_volume.worker_base_image"
          ]
        },
        {
          "index_key": "worker03",
          "schema_version": 0,
          "attributes": {
            "base_volume_id": "/var/lib/libvirt/images/worker03-k8s-baseimage",
            "base_volume_name": null,
            "base_volume_pool": null,
            "format": "qcow2",
            "id": "/var/lib/libvirt/images/pool/worker03-k8s",
            "name": "worker03-k8s",
            "pool": "pool01",
            "size": 107374182400,
            "source": null,
            "xml": []
          },
          "sensitive_attributes": [],
          "private": "bnVsbA==",
          "dependencies": [
            "libvirt_volume.worker_base_image"
          ]
        }
      ]
    }
  ],
  "check_results": null
}
